// !$*UTF8*$!
{
	archiveVersion = 1;
	classes = {
	};
	objectVersion = 42;
	objects = {

/* Begin PBXBuildFile section */
		60CCD41316A5D7A0002F0FA9 /* address.cpp in Sources */ = {isa = PBXBuildFile; fileRef = 60CCD38116A5D7A0002F0FA9 /* address.cpp */; };
		60CCD41416A5D7A0002F0FA9 /* clock.cpp in Sources */ = {isa = PBXBuildFile; fileRef = 60CCD38716A5D7A0002F0FA9 /* clock.cpp */; };
		60CCD41516A5D7A0002F0FA9 /* ctx.cpp in Sources */ = {isa = PBXBuildFile; fileRef = 60CCD38B16A5D7A0002F0FA9 /* ctx.cpp */; };
		60CCD41616A5D7A0002F0FA9 /* dealer.cpp in Sources */ = {isa = PBXBuildFile; fileRef = 60CCD38D16A5D7A0002F0FA9 /* dealer.cpp */; };
		60CCD41716A5D7A0002F0FA9 /* decoder.cpp in Sources */ = {isa = PBXBuildFile; fileRef = 60CCD38F16A5D7A0002F0FA9 /* decoder.cpp */; };
		60CCD41816A5D7A0002F0FA9 /* device.cpp in Sources */ = {isa = PBXBuildFile; fileRef = 60CCD39116A5D7A0002F0FA9 /* device.cpp */; };
		60CCD41916A5D7A0002F0FA9 /* devpoll.cpp in Sources */ = {isa = PBXBuildFile; fileRef = 60CCD39316A5D7A0002F0FA9 /* devpoll.cpp */; };
		60CCD41A16A5D7A0002F0FA9 /* dist.cpp in Sources */ = {isa = PBXBuildFile; fileRef = 60CCD39516A5D7A0002F0FA9 /* dist.cpp */; };
		60CCD41B16A5D7A0002F0FA9 /* encoder.cpp in Sources */ = {isa = PBXBuildFile; fileRef = 60CCD39716A5D7A0002F0FA9 /* encoder.cpp */; };
		60CCD41C16A5D7A0002F0FA9 /* epoll.cpp in Sources */ = {isa = PBXBuildFile; fileRef = 60CCD39916A5D7A0002F0FA9 /* epoll.cpp */; };
		60CCD41D16A5D7A0002F0FA9 /* err.cpp in Sources */ = {isa = PBXBuildFile; fileRef = 60CCD39B16A5D7A0002F0FA9 /* err.cpp */; };
		60CCD41E16A5D7A0002F0FA9 /* fq.cpp in Sources */ = {isa = PBXBuildFile; fileRef = 60CCD39E16A5D7A0002F0FA9 /* fq.cpp */; };
		60CCD41F16A5D7A0002F0FA9 /* io_object.cpp in Sources */ = {isa = PBXBuildFile; fileRef = 60CCD3A216A5D7A0002F0FA9 /* io_object.cpp */; };
		60CCD42016A5D7A0002F0FA9 /* io_thread.cpp in Sources */ = {isa = PBXBuildFile; fileRef = 60CCD3A416A5D7A0002F0FA9 /* io_thread.cpp */; };
		60CCD42116A5D7A0002F0FA9 /* ip.cpp in Sources */ = {isa = PBXBuildFile; fileRef = 60CCD3A616A5D7A0002F0FA9 /* ip.cpp */; };
		60CCD42216A5D7A0002F0FA9 /* ipc_address.cpp in Sources */ = {isa = PBXBuildFile; fileRef = 60CCD3A816A5D7A0002F0FA9 /* ipc_address.cpp */; };
		60CCD42316A5D7A0002F0FA9 /* ipc_connecter.cpp in Sources */ = {isa = PBXBuildFile; fileRef = 60CCD3AA16A5D7A0002F0FA9 /* ipc_connecter.cpp */; };
		60CCD42416A5D7A0002F0FA9 /* ipc_listener.cpp in Sources */ = {isa = PBXBuildFile; fileRef = 60CCD3AC16A5D7A0002F0FA9 /* ipc_listener.cpp */; };
		60CCD42516A5D7A0002F0FA9 /* kqueue.cpp in Sources */ = {isa = PBXBuildFile; fileRef = 60CCD3AE16A5D7A0002F0FA9 /* kqueue.cpp */; };
		60CCD42616A5D7A0002F0FA9 /* lb.cpp in Sources */ = {isa = PBXBuildFile; fileRef = 60CCD3B016A5D7A0002F0FA9 /* lb.cpp */; };
		60CCD42716A5D7A0002F0FA9 /* mailbox.cpp in Sources */ = {isa = PBXBuildFile; fileRef = 60CCD3B316A5D7A0002F0FA9 /* mailbox.cpp */; };
		60CCD42816A5D7A0002F0FA9 /* msg.cpp in Sources */ = {isa = PBXBuildFile; fileRef = 60CCD3B516A5D7A0002F0FA9 /* msg.cpp */; };
		60CCD42916A5D7A0002F0FA9 /* mtrie.cpp in Sources */ = {isa = PBXBuildFile; fileRef = 60CCD3B716A5D7A0002F0FA9 /* mtrie.cpp */; };
		60CCD42A16A5D7A0002F0FA9 /* object.cpp in Sources */ = {isa = PBXBuildFile; fileRef = 60CCD3BA16A5D7A0002F0FA9 /* object.cpp */; };
		60CCD42B16A5D7A0002F0FA9 /* options.cpp in Sources */ = {isa = PBXBuildFile; fileRef = 60CCD3BC16A5D7A0002F0FA9 /* options.cpp */; };
		60CCD42C16A5D7A0002F0FA9 /* own.cpp in Sources */ = {isa = PBXBuildFile; fileRef = 60CCD3BE16A5D7A0002F0FA9 /* own.cpp */; };
		60CCD42D16A5D7A0002F0FA9 /* pair.cpp in Sources */ = {isa = PBXBuildFile; fileRef = 60CCD3C016A5D7A0002F0FA9 /* pair.cpp */; };
		60CCD42E16A5D7A0002F0FA9 /* pgm_receiver.cpp in Sources */ = {isa = PBXBuildFile; fileRef = 60CCD3C216A5D7A0002F0FA9 /* pgm_receiver.cpp */; };
		60CCD42F16A5D7A0002F0FA9 /* pgm_sender.cpp in Sources */ = {isa = PBXBuildFile; fileRef = 60CCD3C416A5D7A0002F0FA9 /* pgm_sender.cpp */; };
		60CCD43016A5D7A0002F0FA9 /* pgm_socket.cpp in Sources */ = {isa = PBXBuildFile; fileRef = 60CCD3C616A5D7A0002F0FA9 /* pgm_socket.cpp */; };
		60CCD43116A5D7A0002F0FA9 /* pipe.cpp in Sources */ = {isa = PBXBuildFile; fileRef = 60CCD3C816A5D7A0002F0FA9 /* pipe.cpp */; };
		60CCD43216A5D7A0002F0FA9 /* poll.cpp in Sources */ = {isa = PBXBuildFile; fileRef = 60CCD3CB16A5D7A0002F0FA9 /* poll.cpp */; };
		60CCD43316A5D7A0002F0FA9 /* poller_base.cpp in Sources */ = {isa = PBXBuildFile; fileRef = 60CCD3CE16A5D7A0002F0FA9 /* poller_base.cpp */; };
		60CCD43416A5D7A0002F0FA9 /* precompiled.cpp in Sources */ = {isa = PBXBuildFile; fileRef = 60CCD3D016A5D7A0002F0FA9 /* precompiled.cpp */; };
		60CCD43516A5D7A0002F0FA9 /* pub.cpp in Sources */ = {isa = PBXBuildFile; fileRef = 60CCD3D216A5D7A0002F0FA9 /* pub.cpp */; };
		60CCD43616A5D7A0002F0FA9 /* pull.cpp in Sources */ = {isa = PBXBuildFile; fileRef = 60CCD3D416A5D7A0002F0FA9 /* pull.cpp */; };
		60CCD43716A5D7A0002F0FA9 /* push.cpp in Sources */ = {isa = PBXBuildFile; fileRef = 60CCD3D616A5D7A0002F0FA9 /* push.cpp */; };
		60CCD43816A5D7A0002F0FA9 /* random.cpp in Sources */ = {isa = PBXBuildFile; fileRef = 60CCD3D816A5D7A0002F0FA9 /* random.cpp */; };
		60CCD43916A5D7A0002F0FA9 /* reaper.cpp in Sources */ = {isa = PBXBuildFile; fileRef = 60CCD3DA16A5D7A0002F0FA9 /* reaper.cpp */; };
		60CCD43A16A5D7A0002F0FA9 /* rep.cpp in Sources */ = {isa = PBXBuildFile; fileRef = 60CCD3DC16A5D7A0002F0FA9 /* rep.cpp */; };
		60CCD43B16A5D7A0002F0FA9 /* req.cpp in Sources */ = {isa = PBXBuildFile; fileRef = 60CCD3DE16A5D7A0002F0FA9 /* req.cpp */; };
		60CCD43C16A5D7A0002F0FA9 /* router.cpp in Sources */ = {isa = PBXBuildFile; fileRef = 60CCD3E016A5D7A0002F0FA9 /* router.cpp */; };
		60CCD43D16A5D7A0002F0FA9 /* select.cpp in Sources */ = {isa = PBXBuildFile; fileRef = 60CCD3E216A5D7A0002F0FA9 /* select.cpp */; };
		60CCD43E16A5D7A0002F0FA9 /* session_base.cpp in Sources */ = {isa = PBXBuildFile; fileRef = 60CCD3E416A5D7A0002F0FA9 /* session_base.cpp */; };
		60CCD43F16A5D7A0002F0FA9 /* signaler.cpp in Sources */ = {isa = PBXBuildFile; fileRef = 60CCD3E616A5D7A0002F0FA9 /* signaler.cpp */; };
		60CCD44016A5D7A0002F0FA9 /* socket_base.cpp in Sources */ = {isa = PBXBuildFile; fileRef = 60CCD3E816A5D7A0002F0FA9 /* socket_base.cpp */; };
		60CCD44116A5D7A0002F0FA9 /* stream_engine.cpp in Sources */ = {isa = PBXBuildFile; fileRef = 60CCD3EB16A5D7A0002F0FA9 /* stream_engine.cpp */; };
		60CCD44216A5D7A0002F0FA9 /* sub.cpp in Sources */ = {isa = PBXBuildFile; fileRef = 60CCD3ED16A5D7A0002F0FA9 /* sub.cpp */; };
		60CCD44316A5D7A0002F0FA9 /* tcp_address.cpp in Sources */ = {isa = PBXBuildFile; fileRef = 60CCD3EF16A5D7A0002F0FA9 /* tcp_address.cpp */; };
		60CCD44416A5D7A0002F0FA9 /* tcp_connecter.cpp in Sources */ = {isa = PBXBuildFile; fileRef = 60CCD3F116A5D7A0002F0FA9 /* tcp_connecter.cpp */; };
		60CCD44516A5D7A0002F0FA9 /* tcp_listener.cpp in Sources */ = {isa = PBXBuildFile; fileRef = 60CCD3F316A5D7A0002F0FA9 /* tcp_listener.cpp */; };
		60CCD44616A5D7A0002F0FA9 /* thread.cpp in Sources */ = {isa = PBXBuildFile; fileRef = 60CCD3F516A5D7A0002F0FA9 /* thread.cpp */; };
		60CCD44716A5D7A0002F0FA9 /* trie.cpp in Sources */ = {isa = PBXBuildFile; fileRef = 60CCD3F716A5D7A0002F0FA9 /* trie.cpp */; };
		60CCD44816A5D7A0002F0FA9 /* xpub.cpp in Sources */ = {isa = PBXBuildFile; fileRef = 60CCD3FB16A5D7A0002F0FA9 /* xpub.cpp */; };
		60CCD44916A5D7A0002F0FA9 /* xsub.cpp in Sources */ = {isa = PBXBuildFile; fileRef = 60CCD3FD16A5D7A0002F0FA9 /* xsub.cpp */; };
		60CCD44A16A5D7A0002F0FA9 /* zmq.cpp in Sources */ = {isa = PBXBuildFile; fileRef = 60CCD40116A5D7A0002F0FA9 /* zmq.cpp */; };
		60CCD44B16A5D7A0002F0FA9 /* zmq_utils.cpp in Sources */ = {isa = PBXBuildFile; fileRef = 60CCD40216A5D7A0002F0FA9 /* zmq_utils.cpp */; };
		60CCD44C16A5D7A0002F0FA9 /* ofxZmq.cpp in Sources */ = {isa = PBXBuildFile; fileRef = 60CCD40416A5D7A0002F0FA9 /* ofxZmq.cpp */; };
		60CCD44D16A5D7A0002F0FA9 /* ofxZmqPair.cpp in Sources */ = {isa = PBXBuildFile; fileRef = 60CCD40716A5D7A0002F0FA9 /* ofxZmqPair.cpp */; };
		60CCD44E16A5D7A0002F0FA9 /* ofxZmqPublisher.cpp in Sources */ = {isa = PBXBuildFile; fileRef = 60CCD40916A5D7A0002F0FA9 /* ofxZmqPublisher.cpp */; };
		60CCD44F16A5D7A0002F0FA9 /* ofxZmqReply.cpp in Sources */ = {isa = PBXBuildFile; fileRef = 60CCD40B16A5D7A0002F0FA9 /* ofxZmqReply.cpp */; };
		60CCD45016A5D7A0002F0FA9 /* ofxZmqRequest.cpp in Sources */ = {isa = PBXBuildFile; fileRef = 60CCD40D16A5D7A0002F0FA9 /* ofxZmqRequest.cpp */; };
		60CCD45116A5D7A0002F0FA9 /* ofxZmqSocket.cpp in Sources */ = {isa = PBXBuildFile; fileRef = 60CCD40F16A5D7A0002F0FA9 /* ofxZmqSocket.cpp */; };
		60CCD45216A5D7A0002F0FA9 /* ofxZmqSubscriber.cpp in Sources */ = {isa = PBXBuildFile; fileRef = 60CCD41116A5D7A0002F0FA9 /* ofxZmqSubscriber.cpp */; };
		BBAB23CB13894F3D00AA2426 /* GLUT.framework in CopyFiles */ = {isa = PBXBuildFile; fileRef = BBAB23BE13894E4700AA2426 /* GLUT.framework */; };
		E4328149138ABC9F0047C5CB /* openFrameworksDebug.a in Frameworks */ = {isa = PBXBuildFile; fileRef = E4328148138ABC890047C5CB /* openFrameworksDebug.a */; };
		E45BE97B0E8CC7DD009D7055 /* AGL.framework in Frameworks */ = {isa = PBXBuildFile; fileRef = E45BE9710E8CC7DD009D7055 /* AGL.framework */; };
		E45BE97C0E8CC7DD009D7055 /* ApplicationServices.framework in Frameworks */ = {isa = PBXBuildFile; fileRef = E45BE9720E8CC7DD009D7055 /* ApplicationServices.framework */; };
		E45BE97D0E8CC7DD009D7055 /* AudioToolbox.framework in Frameworks */ = {isa = PBXBuildFile; fileRef = E45BE9730E8CC7DD009D7055 /* AudioToolbox.framework */; };
		E45BE97E0E8CC7DD009D7055 /* Carbon.framework in Frameworks */ = {isa = PBXBuildFile; fileRef = E45BE9740E8CC7DD009D7055 /* Carbon.framework */; };
		E45BE97F0E8CC7DD009D7055 /* CoreAudio.framework in Frameworks */ = {isa = PBXBuildFile; fileRef = E45BE9750E8CC7DD009D7055 /* CoreAudio.framework */; };
		E45BE9800E8CC7DD009D7055 /* CoreFoundation.framework in Frameworks */ = {isa = PBXBuildFile; fileRef = E45BE9760E8CC7DD009D7055 /* CoreFoundation.framework */; };
		E45BE9810E8CC7DD009D7055 /* CoreServices.framework in Frameworks */ = {isa = PBXBuildFile; fileRef = E45BE9770E8CC7DD009D7055 /* CoreServices.framework */; };
		E45BE9830E8CC7DD009D7055 /* OpenGL.framework in Frameworks */ = {isa = PBXBuildFile; fileRef = E45BE9790E8CC7DD009D7055 /* OpenGL.framework */; };
		E45BE9840E8CC7DD009D7055 /* QuickTime.framework in Frameworks */ = {isa = PBXBuildFile; fileRef = E45BE97A0E8CC7DD009D7055 /* QuickTime.framework */; };
		E4B69E200A3A1BDC003C02F2 /* main.cpp in Sources */ = {isa = PBXBuildFile; fileRef = E4B69E1D0A3A1BDC003C02F2 /* main.cpp */; };
		E4B69E210A3A1BDC003C02F2 /* testApp.cpp in Sources */ = {isa = PBXBuildFile; fileRef = E4B69E1E0A3A1BDC003C02F2 /* testApp.cpp */; };
		E4C2424710CC5A17004149E2 /* AppKit.framework in Frameworks */ = {isa = PBXBuildFile; fileRef = E4C2424410CC5A17004149E2 /* AppKit.framework */; };
		E4C2424810CC5A17004149E2 /* Cocoa.framework in Frameworks */ = {isa = PBXBuildFile; fileRef = E4C2424510CC5A17004149E2 /* Cocoa.framework */; };
		E4C2424910CC5A17004149E2 /* IOKit.framework in Frameworks */ = {isa = PBXBuildFile; fileRef = E4C2424610CC5A17004149E2 /* IOKit.framework */; };
		E4EB6799138ADC1D00A09F29 /* GLUT.framework in Frameworks */ = {isa = PBXBuildFile; fileRef = BBAB23BE13894E4700AA2426 /* GLUT.framework */; };
/* End PBXBuildFile section */

/* Begin PBXContainerItemProxy section */
		E4328147138ABC890047C5CB /* PBXContainerItemProxy */ = {
			isa = PBXContainerItemProxy;
			containerPortal = E4328143138ABC890047C5CB /* openFrameworksLib.xcodeproj */;
			proxyType = 2;
			remoteGlobalIDString = E4B27C1510CBEB8E00536013;
			remoteInfo = openFrameworks;
		};
		E4EEB9AB138B136A00A80321 /* PBXContainerItemProxy */ = {
			isa = PBXContainerItemProxy;
			containerPortal = E4328143138ABC890047C5CB /* openFrameworksLib.xcodeproj */;
			proxyType = 1;
			remoteGlobalIDString = E4B27C1410CBEB8E00536013;
			remoteInfo = openFrameworks;
		};
/* End PBXContainerItemProxy section */

/* Begin PBXCopyFilesBuildPhase section */
		E4C2427710CC5ABF004149E2 /* CopyFiles */ = {
			isa = PBXCopyFilesBuildPhase;
			buildActionMask = 2147483647;
			dstPath = "";
			dstSubfolderSpec = 10;
			files = (
				BBAB23CB13894F3D00AA2426 /* GLUT.framework in CopyFiles */,
			);
			runOnlyForDeploymentPostprocessing = 0;
		};
/* End PBXCopyFilesBuildPhase section */

/* Begin PBXFileReference section */
		60CCD37D16A5D7A0002F0FA9 /* zmq.h */ = {isa = PBXFileReference; fileEncoding = 4; lastKnownFileType = sourcecode.c.h; path = zmq.h; sourceTree = "<group>"; };
		60CCD37E16A5D7A0002F0FA9 /* zmq.hpp */ = {isa = PBXFileReference; fileEncoding = 4; lastKnownFileType = sourcecode.cpp.h; path = zmq.hpp; sourceTree = "<group>"; };
		60CCD37F16A5D7A0002F0FA9 /* zmq_utils.h */ = {isa = PBXFileReference; fileEncoding = 4; lastKnownFileType = sourcecode.c.h; path = zmq_utils.h; sourceTree = "<group>"; };
		60CCD38116A5D7A0002F0FA9 /* address.cpp */ = {isa = PBXFileReference; fileEncoding = 4; lastKnownFileType = sourcecode.cpp.cpp; path = address.cpp; sourceTree = "<group>"; };
		60CCD38216A5D7A0002F0FA9 /* address.hpp */ = {isa = PBXFileReference; fileEncoding = 4; lastKnownFileType = sourcecode.cpp.h; path = address.hpp; sourceTree = "<group>"; };
		60CCD38316A5D7A0002F0FA9 /* array.hpp */ = {isa = PBXFileReference; fileEncoding = 4; lastKnownFileType = sourcecode.cpp.h; path = array.hpp; sourceTree = "<group>"; };
		60CCD38416A5D7A0002F0FA9 /* atomic_counter.hpp */ = {isa = PBXFileReference; fileEncoding = 4; lastKnownFileType = sourcecode.cpp.h; path = atomic_counter.hpp; sourceTree = "<group>"; };
		60CCD38516A5D7A0002F0FA9 /* atomic_ptr.hpp */ = {isa = PBXFileReference; fileEncoding = 4; lastKnownFileType = sourcecode.cpp.h; path = atomic_ptr.hpp; sourceTree = "<group>"; };
		60CCD38616A5D7A0002F0FA9 /* blob.hpp */ = {isa = PBXFileReference; fileEncoding = 4; lastKnownFileType = sourcecode.cpp.h; path = blob.hpp; sourceTree = "<group>"; };
		60CCD38716A5D7A0002F0FA9 /* clock.cpp */ = {isa = PBXFileReference; fileEncoding = 4; lastKnownFileType = sourcecode.cpp.cpp; path = clock.cpp; sourceTree = "<group>"; };
		60CCD38816A5D7A0002F0FA9 /* clock.hpp */ = {isa = PBXFileReference; fileEncoding = 4; lastKnownFileType = sourcecode.cpp.h; path = clock.hpp; sourceTree = "<group>"; };
		60CCD38916A5D7A0002F0FA9 /* command.hpp */ = {isa = PBXFileReference; fileEncoding = 4; lastKnownFileType = sourcecode.cpp.h; path = command.hpp; sourceTree = "<group>"; };
		60CCD38A16A5D7A0002F0FA9 /* config.hpp */ = {isa = PBXFileReference; fileEncoding = 4; lastKnownFileType = sourcecode.cpp.h; path = config.hpp; sourceTree = "<group>"; };
		60CCD38B16A5D7A0002F0FA9 /* ctx.cpp */ = {isa = PBXFileReference; fileEncoding = 4; lastKnownFileType = sourcecode.cpp.cpp; path = ctx.cpp; sourceTree = "<group>"; };
		60CCD38C16A5D7A0002F0FA9 /* ctx.hpp */ = {isa = PBXFileReference; fileEncoding = 4; lastKnownFileType = sourcecode.cpp.h; path = ctx.hpp; sourceTree = "<group>"; };
		60CCD38D16A5D7A0002F0FA9 /* dealer.cpp */ = {isa = PBXFileReference; fileEncoding = 4; lastKnownFileType = sourcecode.cpp.cpp; path = dealer.cpp; sourceTree = "<group>"; };
		60CCD38E16A5D7A0002F0FA9 /* dealer.hpp */ = {isa = PBXFileReference; fileEncoding = 4; lastKnownFileType = sourcecode.cpp.h; path = dealer.hpp; sourceTree = "<group>"; };
		60CCD38F16A5D7A0002F0FA9 /* decoder.cpp */ = {isa = PBXFileReference; fileEncoding = 4; lastKnownFileType = sourcecode.cpp.cpp; path = decoder.cpp; sourceTree = "<group>"; };
		60CCD39016A5D7A0002F0FA9 /* decoder.hpp */ = {isa = PBXFileReference; fileEncoding = 4; lastKnownFileType = sourcecode.cpp.h; path = decoder.hpp; sourceTree = "<group>"; };
		60CCD39116A5D7A0002F0FA9 /* device.cpp */ = {isa = PBXFileReference; fileEncoding = 4; lastKnownFileType = sourcecode.cpp.cpp; path = device.cpp; sourceTree = "<group>"; };
		60CCD39216A5D7A0002F0FA9 /* device.hpp */ = {isa = PBXFileReference; fileEncoding = 4; lastKnownFileType = sourcecode.cpp.h; path = device.hpp; sourceTree = "<group>"; };
		60CCD39316A5D7A0002F0FA9 /* devpoll.cpp */ = {isa = PBXFileReference; fileEncoding = 4; lastKnownFileType = sourcecode.cpp.cpp; path = devpoll.cpp; sourceTree = "<group>"; };
		60CCD39416A5D7A0002F0FA9 /* devpoll.hpp */ = {isa = PBXFileReference; fileEncoding = 4; lastKnownFileType = sourcecode.cpp.h; path = devpoll.hpp; sourceTree = "<group>"; };
		60CCD39516A5D7A0002F0FA9 /* dist.cpp */ = {isa = PBXFileReference; fileEncoding = 4; lastKnownFileType = sourcecode.cpp.cpp; path = dist.cpp; sourceTree = "<group>"; };
		60CCD39616A5D7A0002F0FA9 /* dist.hpp */ = {isa = PBXFileReference; fileEncoding = 4; lastKnownFileType = sourcecode.cpp.h; path = dist.hpp; sourceTree = "<group>"; };
		60CCD39716A5D7A0002F0FA9 /* encoder.cpp */ = {isa = PBXFileReference; fileEncoding = 4; lastKnownFileType = sourcecode.cpp.cpp; path = encoder.cpp; sourceTree = "<group>"; };
		60CCD39816A5D7A0002F0FA9 /* encoder.hpp */ = {isa = PBXFileReference; fileEncoding = 4; lastKnownFileType = sourcecode.cpp.h; path = encoder.hpp; sourceTree = "<group>"; };
		60CCD39916A5D7A0002F0FA9 /* epoll.cpp */ = {isa = PBXFileReference; fileEncoding = 4; lastKnownFileType = sourcecode.cpp.cpp; path = epoll.cpp; sourceTree = "<group>"; };
		60CCD39A16A5D7A0002F0FA9 /* epoll.hpp */ = {isa = PBXFileReference; fileEncoding = 4; lastKnownFileType = sourcecode.cpp.h; path = epoll.hpp; sourceTree = "<group>"; };
		60CCD39B16A5D7A0002F0FA9 /* err.cpp */ = {isa = PBXFileReference; fileEncoding = 4; lastKnownFileType = sourcecode.cpp.cpp; path = err.cpp; sourceTree = "<group>"; };
		60CCD39C16A5D7A0002F0FA9 /* err.hpp */ = {isa = PBXFileReference; fileEncoding = 4; lastKnownFileType = sourcecode.cpp.h; path = err.hpp; sourceTree = "<group>"; };
		60CCD39D16A5D7A0002F0FA9 /* fd.hpp */ = {isa = PBXFileReference; fileEncoding = 4; lastKnownFileType = sourcecode.cpp.h; path = fd.hpp; sourceTree = "<group>"; };
		60CCD39E16A5D7A0002F0FA9 /* fq.cpp */ = {isa = PBXFileReference; fileEncoding = 4; lastKnownFileType = sourcecode.cpp.cpp; path = fq.cpp; sourceTree = "<group>"; };
		60CCD39F16A5D7A0002F0FA9 /* fq.hpp */ = {isa = PBXFileReference; fileEncoding = 4; lastKnownFileType = sourcecode.cpp.h; path = fq.hpp; sourceTree = "<group>"; };
		60CCD3A016A5D7A0002F0FA9 /* i_engine.hpp */ = {isa = PBXFileReference; fileEncoding = 4; lastKnownFileType = sourcecode.cpp.h; path = i_engine.hpp; sourceTree = "<group>"; };
		60CCD3A116A5D7A0002F0FA9 /* i_poll_events.hpp */ = {isa = PBXFileReference; fileEncoding = 4; lastKnownFileType = sourcecode.cpp.h; path = i_poll_events.hpp; sourceTree = "<group>"; };
		60CCD3A216A5D7A0002F0FA9 /* io_object.cpp */ = {isa = PBXFileReference; fileEncoding = 4; lastKnownFileType = sourcecode.cpp.cpp; path = io_object.cpp; sourceTree = "<group>"; };
		60CCD3A316A5D7A0002F0FA9 /* io_object.hpp */ = {isa = PBXFileReference; fileEncoding = 4; lastKnownFileType = sourcecode.cpp.h; path = io_object.hpp; sourceTree = "<group>"; };
		60CCD3A416A5D7A0002F0FA9 /* io_thread.cpp */ = {isa = PBXFileReference; fileEncoding = 4; lastKnownFileType = sourcecode.cpp.cpp; path = io_thread.cpp; sourceTree = "<group>"; };
		60CCD3A516A5D7A0002F0FA9 /* io_thread.hpp */ = {isa = PBXFileReference; fileEncoding = 4; lastKnownFileType = sourcecode.cpp.h; path = io_thread.hpp; sourceTree = "<group>"; };
		60CCD3A616A5D7A0002F0FA9 /* ip.cpp */ = {isa = PBXFileReference; fileEncoding = 4; lastKnownFileType = sourcecode.cpp.cpp; path = ip.cpp; sourceTree = "<group>"; };
		60CCD3A716A5D7A0002F0FA9 /* ip.hpp */ = {isa = PBXFileReference; fileEncoding = 4; lastKnownFileType = sourcecode.cpp.h; path = ip.hpp; sourceTree = "<group>"; };
		60CCD3A816A5D7A0002F0FA9 /* ipc_address.cpp */ = {isa = PBXFileReference; fileEncoding = 4; lastKnownFileType = sourcecode.cpp.cpp; path = ipc_address.cpp; sourceTree = "<group>"; };
		60CCD3A916A5D7A0002F0FA9 /* ipc_address.hpp */ = {isa = PBXFileReference; fileEncoding = 4; lastKnownFileType = sourcecode.cpp.h; path = ipc_address.hpp; sourceTree = "<group>"; };
		60CCD3AA16A5D7A0002F0FA9 /* ipc_connecter.cpp */ = {isa = PBXFileReference; fileEncoding = 4; lastKnownFileType = sourcecode.cpp.cpp; path = ipc_connecter.cpp; sourceTree = "<group>"; };
		60CCD3AB16A5D7A0002F0FA9 /* ipc_connecter.hpp */ = {isa = PBXFileReference; fileEncoding = 4; lastKnownFileType = sourcecode.cpp.h; path = ipc_connecter.hpp; sourceTree = "<group>"; };
		60CCD3AC16A5D7A0002F0FA9 /* ipc_listener.cpp */ = {isa = PBXFileReference; fileEncoding = 4; lastKnownFileType = sourcecode.cpp.cpp; path = ipc_listener.cpp; sourceTree = "<group>"; };
		60CCD3AD16A5D7A0002F0FA9 /* ipc_listener.hpp */ = {isa = PBXFileReference; fileEncoding = 4; lastKnownFileType = sourcecode.cpp.h; path = ipc_listener.hpp; sourceTree = "<group>"; };
		60CCD3AE16A5D7A0002F0FA9 /* kqueue.cpp */ = {isa = PBXFileReference; fileEncoding = 4; lastKnownFileType = sourcecode.cpp.cpp; path = kqueue.cpp; sourceTree = "<group>"; };
		60CCD3AF16A5D7A0002F0FA9 /* kqueue.hpp */ = {isa = PBXFileReference; fileEncoding = 4; lastKnownFileType = sourcecode.cpp.h; path = kqueue.hpp; sourceTree = "<group>"; };
		60CCD3B016A5D7A0002F0FA9 /* lb.cpp */ = {isa = PBXFileReference; fileEncoding = 4; lastKnownFileType = sourcecode.cpp.cpp; path = lb.cpp; sourceTree = "<group>"; };
		60CCD3B116A5D7A0002F0FA9 /* lb.hpp */ = {isa = PBXFileReference; fileEncoding = 4; lastKnownFileType = sourcecode.cpp.h; path = lb.hpp; sourceTree = "<group>"; };
		60CCD3B216A5D7A0002F0FA9 /* likely.hpp */ = {isa = PBXFileReference; fileEncoding = 4; lastKnownFileType = sourcecode.cpp.h; path = likely.hpp; sourceTree = "<group>"; };
		60CCD3B316A5D7A0002F0FA9 /* mailbox.cpp */ = {isa = PBXFileReference; fileEncoding = 4; lastKnownFileType = sourcecode.cpp.cpp; path = mailbox.cpp; sourceTree = "<group>"; };
		60CCD3B416A5D7A0002F0FA9 /* mailbox.hpp */ = {isa = PBXFileReference; fileEncoding = 4; lastKnownFileType = sourcecode.cpp.h; path = mailbox.hpp; sourceTree = "<group>"; };
		60CCD3B516A5D7A0002F0FA9 /* msg.cpp */ = {isa = PBXFileReference; fileEncoding = 4; lastKnownFileType = sourcecode.cpp.cpp; path = msg.cpp; sourceTree = "<group>"; };
		60CCD3B616A5D7A0002F0FA9 /* msg.hpp */ = {isa = PBXFileReference; fileEncoding = 4; lastKnownFileType = sourcecode.cpp.h; path = msg.hpp; sourceTree = "<group>"; };
		60CCD3B716A5D7A0002F0FA9 /* mtrie.cpp */ = {isa = PBXFileReference; fileEncoding = 4; lastKnownFileType = sourcecode.cpp.cpp; path = mtrie.cpp; sourceTree = "<group>"; };
		60CCD3B816A5D7A0002F0FA9 /* mtrie.hpp */ = {isa = PBXFileReference; fileEncoding = 4; lastKnownFileType = sourcecode.cpp.h; path = mtrie.hpp; sourceTree = "<group>"; };
		60CCD3B916A5D7A0002F0FA9 /* mutex.hpp */ = {isa = PBXFileReference; fileEncoding = 4; lastKnownFileType = sourcecode.cpp.h; path = mutex.hpp; sourceTree = "<group>"; };
		60CCD3BA16A5D7A0002F0FA9 /* object.cpp */ = {isa = PBXFileReference; fileEncoding = 4; lastKnownFileType = sourcecode.cpp.cpp; path = object.cpp; sourceTree = "<group>"; };
		60CCD3BB16A5D7A0002F0FA9 /* object.hpp */ = {isa = PBXFileReference; fileEncoding = 4; lastKnownFileType = sourcecode.cpp.h; path = object.hpp; sourceTree = "<group>"; };
		60CCD3BC16A5D7A0002F0FA9 /* options.cpp */ = {isa = PBXFileReference; fileEncoding = 4; lastKnownFileType = sourcecode.cpp.cpp; path = options.cpp; sourceTree = "<group>"; };
		60CCD3BD16A5D7A0002F0FA9 /* options.hpp */ = {isa = PBXFileReference; fileEncoding = 4; lastKnownFileType = sourcecode.cpp.h; path = options.hpp; sourceTree = "<group>"; };
		60CCD3BE16A5D7A0002F0FA9 /* own.cpp */ = {isa = PBXFileReference; fileEncoding = 4; lastKnownFileType = sourcecode.cpp.cpp; path = own.cpp; sourceTree = "<group>"; };
		60CCD3BF16A5D7A0002F0FA9 /* own.hpp */ = {isa = PBXFileReference; fileEncoding = 4; lastKnownFileType = sourcecode.cpp.h; path = own.hpp; sourceTree = "<group>"; };
		60CCD3C016A5D7A0002F0FA9 /* pair.cpp */ = {isa = PBXFileReference; fileEncoding = 4; lastKnownFileType = sourcecode.cpp.cpp; path = pair.cpp; sourceTree = "<group>"; };
		60CCD3C116A5D7A0002F0FA9 /* pair.hpp */ = {isa = PBXFileReference; fileEncoding = 4; lastKnownFileType = sourcecode.cpp.h; path = pair.hpp; sourceTree = "<group>"; };
		60CCD3C216A5D7A0002F0FA9 /* pgm_receiver.cpp */ = {isa = PBXFileReference; fileEncoding = 4; lastKnownFileType = sourcecode.cpp.cpp; path = pgm_receiver.cpp; sourceTree = "<group>"; };
		60CCD3C316A5D7A0002F0FA9 /* pgm_receiver.hpp */ = {isa = PBXFileReference; fileEncoding = 4; lastKnownFileType = sourcecode.cpp.h; path = pgm_receiver.hpp; sourceTree = "<group>"; };
		60CCD3C416A5D7A0002F0FA9 /* pgm_sender.cpp */ = {isa = PBXFileReference; fileEncoding = 4; lastKnownFileType = sourcecode.cpp.cpp; path = pgm_sender.cpp; sourceTree = "<group>"; };
		60CCD3C516A5D7A0002F0FA9 /* pgm_sender.hpp */ = {isa = PBXFileReference; fileEncoding = 4; lastKnownFileType = sourcecode.cpp.h; path = pgm_sender.hpp; sourceTree = "<group>"; };
		60CCD3C616A5D7A0002F0FA9 /* pgm_socket.cpp */ = {isa = PBXFileReference; fileEncoding = 4; lastKnownFileType = sourcecode.cpp.cpp; path = pgm_socket.cpp; sourceTree = "<group>"; };
		60CCD3C716A5D7A0002F0FA9 /* pgm_socket.hpp */ = {isa = PBXFileReference; fileEncoding = 4; lastKnownFileType = sourcecode.cpp.h; path = pgm_socket.hpp; sourceTree = "<group>"; };
		60CCD3C816A5D7A0002F0FA9 /* pipe.cpp */ = {isa = PBXFileReference; fileEncoding = 4; lastKnownFileType = sourcecode.cpp.cpp; path = pipe.cpp; sourceTree = "<group>"; };
		60CCD3C916A5D7A0002F0FA9 /* pipe.hpp */ = {isa = PBXFileReference; fileEncoding = 4; lastKnownFileType = sourcecode.cpp.h; path = pipe.hpp; sourceTree = "<group>"; };
		60CCD3CA16A5D7A0002F0FA9 /* platform.hpp */ = {isa = PBXFileReference; fileEncoding = 4; lastKnownFileType = sourcecode.cpp.h; path = platform.hpp; sourceTree = "<group>"; };
		60CCD3CB16A5D7A0002F0FA9 /* poll.cpp */ = {isa = PBXFileReference; fileEncoding = 4; lastKnownFileType = sourcecode.cpp.cpp; path = poll.cpp; sourceTree = "<group>"; };
		60CCD3CC16A5D7A0002F0FA9 /* poll.hpp */ = {isa = PBXFileReference; fileEncoding = 4; lastKnownFileType = sourcecode.cpp.h; path = poll.hpp; sourceTree = "<group>"; };
		60CCD3CD16A5D7A0002F0FA9 /* poller.hpp */ = {isa = PBXFileReference; fileEncoding = 4; lastKnownFileType = sourcecode.cpp.h; path = poller.hpp; sourceTree = "<group>"; };
		60CCD3CE16A5D7A0002F0FA9 /* poller_base.cpp */ = {isa = PBXFileReference; fileEncoding = 4; lastKnownFileType = sourcecode.cpp.cpp; path = poller_base.cpp; sourceTree = "<group>"; };
		60CCD3CF16A5D7A0002F0FA9 /* poller_base.hpp */ = {isa = PBXFileReference; fileEncoding = 4; lastKnownFileType = sourcecode.cpp.h; path = poller_base.hpp; sourceTree = "<group>"; };
		60CCD3D016A5D7A0002F0FA9 /* precompiled.cpp */ = {isa = PBXFileReference; fileEncoding = 4; lastKnownFileType = sourcecode.cpp.cpp; path = precompiled.cpp; sourceTree = "<group>"; };
		60CCD3D116A5D7A0002F0FA9 /* precompiled.hpp */ = {isa = PBXFileReference; fileEncoding = 4; lastKnownFileType = sourcecode.cpp.h; path = precompiled.hpp; sourceTree = "<group>"; };
		60CCD3D216A5D7A0002F0FA9 /* pub.cpp */ = {isa = PBXFileReference; fileEncoding = 4; lastKnownFileType = sourcecode.cpp.cpp; path = pub.cpp; sourceTree = "<group>"; };
		60CCD3D316A5D7A0002F0FA9 /* pub.hpp */ = {isa = PBXFileReference; fileEncoding = 4; lastKnownFileType = sourcecode.cpp.h; path = pub.hpp; sourceTree = "<group>"; };
		60CCD3D416A5D7A0002F0FA9 /* pull.cpp */ = {isa = PBXFileReference; fileEncoding = 4; lastKnownFileType = sourcecode.cpp.cpp; path = pull.cpp; sourceTree = "<group>"; };
		60CCD3D516A5D7A0002F0FA9 /* pull.hpp */ = {isa = PBXFileReference; fileEncoding = 4; lastKnownFileType = sourcecode.cpp.h; path = pull.hpp; sourceTree = "<group>"; };
		60CCD3D616A5D7A0002F0FA9 /* push.cpp */ = {isa = PBXFileReference; fileEncoding = 4; lastKnownFileType = sourcecode.cpp.cpp; path = push.cpp; sourceTree = "<group>"; };
		60CCD3D716A5D7A0002F0FA9 /* push.hpp */ = {isa = PBXFileReference; fileEncoding = 4; lastKnownFileType = sourcecode.cpp.h; path = push.hpp; sourceTree = "<group>"; };
		60CCD3D816A5D7A0002F0FA9 /* random.cpp */ = {isa = PBXFileReference; fileEncoding = 4; lastKnownFileType = sourcecode.cpp.cpp; path = random.cpp; sourceTree = "<group>"; };
		60CCD3D916A5D7A0002F0FA9 /* random.hpp */ = {isa = PBXFileReference; fileEncoding = 4; lastKnownFileType = sourcecode.cpp.h; path = random.hpp; sourceTree = "<group>"; };
		60CCD3DA16A5D7A0002F0FA9 /* reaper.cpp */ = {isa = PBXFileReference; fileEncoding = 4; lastKnownFileType = sourcecode.cpp.cpp; path = reaper.cpp; sourceTree = "<group>"; };
		60CCD3DB16A5D7A0002F0FA9 /* reaper.hpp */ = {isa = PBXFileReference; fileEncoding = 4; lastKnownFileType = sourcecode.cpp.h; path = reaper.hpp; sourceTree = "<group>"; };
		60CCD3DC16A5D7A0002F0FA9 /* rep.cpp */ = {isa = PBXFileReference; fileEncoding = 4; lastKnownFileType = sourcecode.cpp.cpp; path = rep.cpp; sourceTree = "<group>"; };
		60CCD3DD16A5D7A0002F0FA9 /* rep.hpp */ = {isa = PBXFileReference; fileEncoding = 4; lastKnownFileType = sourcecode.cpp.h; path = rep.hpp; sourceTree = "<group>"; };
		60CCD3DE16A5D7A0002F0FA9 /* req.cpp */ = {isa = PBXFileReference; fileEncoding = 4; lastKnownFileType = sourcecode.cpp.cpp; path = req.cpp; sourceTree = "<group>"; };
		60CCD3DF16A5D7A0002F0FA9 /* req.hpp */ = {isa = PBXFileReference; fileEncoding = 4; lastKnownFileType = sourcecode.cpp.h; path = req.hpp; sourceTree = "<group>"; };
		60CCD3E016A5D7A0002F0FA9 /* router.cpp */ = {isa = PBXFileReference; fileEncoding = 4; lastKnownFileType = sourcecode.cpp.cpp; path = router.cpp; sourceTree = "<group>"; };
		60CCD3E116A5D7A0002F0FA9 /* router.hpp */ = {isa = PBXFileReference; fileEncoding = 4; lastKnownFileType = sourcecode.cpp.h; path = router.hpp; sourceTree = "<group>"; };
		60CCD3E216A5D7A0002F0FA9 /* select.cpp */ = {isa = PBXFileReference; fileEncoding = 4; lastKnownFileType = sourcecode.cpp.cpp; path = select.cpp; sourceTree = "<group>"; };
		60CCD3E316A5D7A0002F0FA9 /* select.hpp */ = {isa = PBXFileReference; fileEncoding = 4; lastKnownFileType = sourcecode.cpp.h; path = select.hpp; sourceTree = "<group>"; };
		60CCD3E416A5D7A0002F0FA9 /* session_base.cpp */ = {isa = PBXFileReference; fileEncoding = 4; lastKnownFileType = sourcecode.cpp.cpp; path = session_base.cpp; sourceTree = "<group>"; };
		60CCD3E516A5D7A0002F0FA9 /* session_base.hpp */ = {isa = PBXFileReference; fileEncoding = 4; lastKnownFileType = sourcecode.cpp.h; path = session_base.hpp; sourceTree = "<group>"; };
		60CCD3E616A5D7A0002F0FA9 /* signaler.cpp */ = {isa = PBXFileReference; fileEncoding = 4; lastKnownFileType = sourcecode.cpp.cpp; path = signaler.cpp; sourceTree = "<group>"; };
		60CCD3E716A5D7A0002F0FA9 /* signaler.hpp */ = {isa = PBXFileReference; fileEncoding = 4; lastKnownFileType = sourcecode.cpp.h; path = signaler.hpp; sourceTree = "<group>"; };
		60CCD3E816A5D7A0002F0FA9 /* socket_base.cpp */ = {isa = PBXFileReference; fileEncoding = 4; lastKnownFileType = sourcecode.cpp.cpp; path = socket_base.cpp; sourceTree = "<group>"; };
		60CCD3E916A5D7A0002F0FA9 /* socket_base.hpp */ = {isa = PBXFileReference; fileEncoding = 4; lastKnownFileType = sourcecode.cpp.h; path = socket_base.hpp; sourceTree = "<group>"; };
		60CCD3EA16A5D7A0002F0FA9 /* stdint.hpp */ = {isa = PBXFileReference; fileEncoding = 4; lastKnownFileType = sourcecode.cpp.h; path = stdint.hpp; sourceTree = "<group>"; };
		60CCD3EB16A5D7A0002F0FA9 /* stream_engine.cpp */ = {isa = PBXFileReference; fileEncoding = 4; lastKnownFileType = sourcecode.cpp.cpp; path = stream_engine.cpp; sourceTree = "<group>"; };
		60CCD3EC16A5D7A0002F0FA9 /* stream_engine.hpp */ = {isa = PBXFileReference; fileEncoding = 4; lastKnownFileType = sourcecode.cpp.h; path = stream_engine.hpp; sourceTree = "<group>"; };
		60CCD3ED16A5D7A0002F0FA9 /* sub.cpp */ = {isa = PBXFileReference; fileEncoding = 4; lastKnownFileType = sourcecode.cpp.cpp; path = sub.cpp; sourceTree = "<group>"; };
		60CCD3EE16A5D7A0002F0FA9 /* sub.hpp */ = {isa = PBXFileReference; fileEncoding = 4; lastKnownFileType = sourcecode.cpp.h; path = sub.hpp; sourceTree = "<group>"; };
		60CCD3EF16A5D7A0002F0FA9 /* tcp_address.cpp */ = {isa = PBXFileReference; fileEncoding = 4; lastKnownFileType = sourcecode.cpp.cpp; path = tcp_address.cpp; sourceTree = "<group>"; };
		60CCD3F016A5D7A0002F0FA9 /* tcp_address.hpp */ = {isa = PBXFileReference; fileEncoding = 4; lastKnownFileType = sourcecode.cpp.h; path = tcp_address.hpp; sourceTree = "<group>"; };
		60CCD3F116A5D7A0002F0FA9 /* tcp_connecter.cpp */ = {isa = PBXFileReference; fileEncoding = 4; lastKnownFileType = sourcecode.cpp.cpp; path = tcp_connecter.cpp; sourceTree = "<group>"; };
		60CCD3F216A5D7A0002F0FA9 /* tcp_connecter.hpp */ = {isa = PBXFileReference; fileEncoding = 4; lastKnownFileType = sourcecode.cpp.h; path = tcp_connecter.hpp; sourceTree = "<group>"; };
		60CCD3F316A5D7A0002F0FA9 /* tcp_listener.cpp */ = {isa = PBXFileReference; fileEncoding = 4; lastKnownFileType = sourcecode.cpp.cpp; path = tcp_listener.cpp; sourceTree = "<group>"; };
		60CCD3F416A5D7A0002F0FA9 /* tcp_listener.hpp */ = {isa = PBXFileReference; fileEncoding = 4; lastKnownFileType = sourcecode.cpp.h; path = tcp_listener.hpp; sourceTree = "<group>"; };
		60CCD3F516A5D7A0002F0FA9 /* thread.cpp */ = {isa = PBXFileReference; fileEncoding = 4; lastKnownFileType = sourcecode.cpp.cpp; path = thread.cpp; sourceTree = "<group>"; };
		60CCD3F616A5D7A0002F0FA9 /* thread.hpp */ = {isa = PBXFileReference; fileEncoding = 4; lastKnownFileType = sourcecode.cpp.h; path = thread.hpp; sourceTree = "<group>"; };
		60CCD3F716A5D7A0002F0FA9 /* trie.cpp */ = {isa = PBXFileReference; fileEncoding = 4; lastKnownFileType = sourcecode.cpp.cpp; path = trie.cpp; sourceTree = "<group>"; };
		60CCD3F816A5D7A0002F0FA9 /* trie.hpp */ = {isa = PBXFileReference; fileEncoding = 4; lastKnownFileType = sourcecode.cpp.h; path = trie.hpp; sourceTree = "<group>"; };
		60CCD3F916A5D7A0002F0FA9 /* windows.hpp */ = {isa = PBXFileReference; fileEncoding = 4; lastKnownFileType = sourcecode.cpp.h; path = windows.hpp; sourceTree = "<group>"; };
		60CCD3FA16A5D7A0002F0FA9 /* wire.hpp */ = {isa = PBXFileReference; fileEncoding = 4; lastKnownFileType = sourcecode.cpp.h; path = wire.hpp; sourceTree = "<group>"; };
		60CCD3FB16A5D7A0002F0FA9 /* xpub.cpp */ = {isa = PBXFileReference; fileEncoding = 4; lastKnownFileType = sourcecode.cpp.cpp; path = xpub.cpp; sourceTree = "<group>"; };
		60CCD3FC16A5D7A0002F0FA9 /* xpub.hpp */ = {isa = PBXFileReference; fileEncoding = 4; lastKnownFileType = sourcecode.cpp.h; path = xpub.hpp; sourceTree = "<group>"; };
		60CCD3FD16A5D7A0002F0FA9 /* xsub.cpp */ = {isa = PBXFileReference; fileEncoding = 4; lastKnownFileType = sourcecode.cpp.cpp; path = xsub.cpp; sourceTree = "<group>"; };
		60CCD3FE16A5D7A0002F0FA9 /* xsub.hpp */ = {isa = PBXFileReference; fileEncoding = 4; lastKnownFileType = sourcecode.cpp.h; path = xsub.hpp; sourceTree = "<group>"; };
		60CCD3FF16A5D7A0002F0FA9 /* ypipe.hpp */ = {isa = PBXFileReference; fileEncoding = 4; lastKnownFileType = sourcecode.cpp.h; path = ypipe.hpp; sourceTree = "<group>"; };
		60CCD40016A5D7A0002F0FA9 /* yqueue.hpp */ = {isa = PBXFileReference; fileEncoding = 4; lastKnownFileType = sourcecode.cpp.h; path = yqueue.hpp; sourceTree = "<group>"; };
		60CCD40116A5D7A0002F0FA9 /* zmq.cpp */ = {isa = PBXFileReference; fileEncoding = 4; lastKnownFileType = sourcecode.cpp.cpp; path = zmq.cpp; sourceTree = "<group>"; };
		60CCD40216A5D7A0002F0FA9 /* zmq_utils.cpp */ = {isa = PBXFileReference; fileEncoding = 4; lastKnownFileType = sourcecode.cpp.cpp; path = zmq_utils.cpp; sourceTree = "<group>"; };
		60CCD40416A5D7A0002F0FA9 /* ofxZmq.cpp */ = {isa = PBXFileReference; fileEncoding = 4; lastKnownFileType = sourcecode.cpp.cpp; path = ofxZmq.cpp; sourceTree = "<group>"; };
		60CCD40516A5D7A0002F0FA9 /* ofxZmq.h */ = {isa = PBXFileReference; fileEncoding = 4; lastKnownFileType = sourcecode.c.h; path = ofxZmq.h; sourceTree = "<group>"; };
		60CCD40616A5D7A0002F0FA9 /* ofxZmqConfig.h */ = {isa = PBXFileReference; fileEncoding = 4; lastKnownFileType = sourcecode.c.h; path = ofxZmqConfig.h; sourceTree = "<group>"; };
		60CCD40716A5D7A0002F0FA9 /* ofxZmqPair.cpp */ = {isa = PBXFileReference; fileEncoding = 4; lastKnownFileType = sourcecode.cpp.cpp; path = ofxZmqPair.cpp; sourceTree = "<group>"; };
		60CCD40816A5D7A0002F0FA9 /* ofxZmqPair.h */ = {isa = PBXFileReference; fileEncoding = 4; lastKnownFileType = sourcecode.c.h; path = ofxZmqPair.h; sourceTree = "<group>"; };
		60CCD40916A5D7A0002F0FA9 /* ofxZmqPublisher.cpp */ = {isa = PBXFileReference; fileEncoding = 4; lastKnownFileType = sourcecode.cpp.cpp; path = ofxZmqPublisher.cpp; sourceTree = "<group>"; };
		60CCD40A16A5D7A0002F0FA9 /* ofxZmqPublisher.h */ = {isa = PBXFileReference; fileEncoding = 4; lastKnownFileType = sourcecode.c.h; path = ofxZmqPublisher.h; sourceTree = "<group>"; };
		60CCD40B16A5D7A0002F0FA9 /* ofxZmqReply.cpp */ = {isa = PBXFileReference; fileEncoding = 4; lastKnownFileType = sourcecode.cpp.cpp; path = ofxZmqReply.cpp; sourceTree = "<group>"; };
		60CCD40C16A5D7A0002F0FA9 /* ofxZmqReply.h */ = {isa = PBXFileReference; fileEncoding = 4; lastKnownFileType = sourcecode.c.h; path = ofxZmqReply.h; sourceTree = "<group>"; };
		60CCD40D16A5D7A0002F0FA9 /* ofxZmqRequest.cpp */ = {isa = PBXFileReference; fileEncoding = 4; lastKnownFileType = sourcecode.cpp.cpp; path = ofxZmqRequest.cpp; sourceTree = "<group>"; };
		60CCD40E16A5D7A0002F0FA9 /* ofxZmqRequest.h */ = {isa = PBXFileReference; fileEncoding = 4; lastKnownFileType = sourcecode.c.h; path = ofxZmqRequest.h; sourceTree = "<group>"; };
		60CCD40F16A5D7A0002F0FA9 /* ofxZmqSocket.cpp */ = {isa = PBXFileReference; fileEncoding = 4; lastKnownFileType = sourcecode.cpp.cpp; path = ofxZmqSocket.cpp; sourceTree = "<group>"; };
		60CCD41016A5D7A0002F0FA9 /* ofxZmqSocket.h */ = {isa = PBXFileReference; fileEncoding = 4; lastKnownFileType = sourcecode.c.h; path = ofxZmqSocket.h; sourceTree = "<group>"; };
		60CCD41116A5D7A0002F0FA9 /* ofxZmqSubscriber.cpp */ = {isa = PBXFileReference; fileEncoding = 4; lastKnownFileType = sourcecode.cpp.cpp; path = ofxZmqSubscriber.cpp; sourceTree = "<group>"; };
		60CCD41216A5D7A0002F0FA9 /* ofxZmqSubscriber.h */ = {isa = PBXFileReference; fileEncoding = 4; lastKnownFileType = sourcecode.c.h; path = ofxZmqSubscriber.h; sourceTree = "<group>"; };
		BBAB23BE13894E4700AA2426 /* GLUT.framework */ = {isa = PBXFileReference; lastKnownFileType = wrapper.framework; name = GLUT.framework; path = ../../../libs/glut/lib/osx/GLUT.framework; sourceTree = "<group>"; };
		E4328143138ABC890047C5CB /* openFrameworksLib.xcodeproj */ = {isa = PBXFileReference; lastKnownFileType = "wrapper.pb-project"; name = openFrameworksLib.xcodeproj; path = ../../../libs/openFrameworksCompiled/project/osx/openFrameworksLib.xcodeproj; sourceTree = SOURCE_ROOT; };
		E45BE9710E8CC7DD009D7055 /* AGL.framework */ = {isa = PBXFileReference; lastKnownFileType = wrapper.framework; name = AGL.framework; path = /System/Library/Frameworks/AGL.framework; sourceTree = "<absolute>"; };
		E45BE9720E8CC7DD009D7055 /* ApplicationServices.framework */ = {isa = PBXFileReference; lastKnownFileType = wrapper.framework; name = ApplicationServices.framework; path = /System/Library/Frameworks/ApplicationServices.framework; sourceTree = "<absolute>"; };
		E45BE9730E8CC7DD009D7055 /* AudioToolbox.framework */ = {isa = PBXFileReference; lastKnownFileType = wrapper.framework; name = AudioToolbox.framework; path = /System/Library/Frameworks/AudioToolbox.framework; sourceTree = "<absolute>"; };
		E45BE9740E8CC7DD009D7055 /* Carbon.framework */ = {isa = PBXFileReference; lastKnownFileType = wrapper.framework; name = Carbon.framework; path = /System/Library/Frameworks/Carbon.framework; sourceTree = "<absolute>"; };
		E45BE9750E8CC7DD009D7055 /* CoreAudio.framework */ = {isa = PBXFileReference; lastKnownFileType = wrapper.framework; name = CoreAudio.framework; path = /System/Library/Frameworks/CoreAudio.framework; sourceTree = "<absolute>"; };
		E45BE9760E8CC7DD009D7055 /* CoreFoundation.framework */ = {isa = PBXFileReference; lastKnownFileType = wrapper.framework; name = CoreFoundation.framework; path = /System/Library/Frameworks/CoreFoundation.framework; sourceTree = "<absolute>"; };
		E45BE9770E8CC7DD009D7055 /* CoreServices.framework */ = {isa = PBXFileReference; lastKnownFileType = wrapper.framework; name = CoreServices.framework; path = /System/Library/Frameworks/CoreServices.framework; sourceTree = "<absolute>"; };
		E45BE9790E8CC7DD009D7055 /* OpenGL.framework */ = {isa = PBXFileReference; lastKnownFileType = wrapper.framework; name = OpenGL.framework; path = /System/Library/Frameworks/OpenGL.framework; sourceTree = "<absolute>"; };
		E45BE97A0E8CC7DD009D7055 /* QuickTime.framework */ = {isa = PBXFileReference; lastKnownFileType = wrapper.framework; name = QuickTime.framework; path = /System/Library/Frameworks/QuickTime.framework; sourceTree = "<absolute>"; };
		E4B69B5B0A3A1756003C02F2 /* emptyExampleDebug.app */ = {isa = PBXFileReference; explicitFileType = wrapper.application; includeInIndex = 0; path = emptyExampleDebug.app; sourceTree = BUILT_PRODUCTS_DIR; };
		E4B69E1D0A3A1BDC003C02F2 /* main.cpp */ = {isa = PBXFileReference; fileEncoding = 30; lastKnownFileType = sourcecode.cpp.cpp; name = main.cpp; path = src/main.cpp; sourceTree = SOURCE_ROOT; };
		E4B69E1E0A3A1BDC003C02F2 /* testApp.cpp */ = {isa = PBXFileReference; explicitFileType = sourcecode.cpp.cpp; fileEncoding = 30; name = testApp.cpp; path = src/testApp.cpp; sourceTree = SOURCE_ROOT; };
		E4B69E1F0A3A1BDC003C02F2 /* testApp.h */ = {isa = PBXFileReference; fileEncoding = 30; lastKnownFileType = sourcecode.c.h; name = testApp.h; path = src/testApp.h; sourceTree = SOURCE_ROOT; };
		E4B6FCAD0C3E899E008CF71C /* openFrameworks-Info.plist */ = {isa = PBXFileReference; fileEncoding = 30; lastKnownFileType = text.plist.xml; path = "openFrameworks-Info.plist"; sourceTree = "<group>"; };
		E4C2424410CC5A17004149E2 /* AppKit.framework */ = {isa = PBXFileReference; lastKnownFileType = wrapper.framework; name = AppKit.framework; path = /System/Library/Frameworks/AppKit.framework; sourceTree = "<absolute>"; };
		E4C2424510CC5A17004149E2 /* Cocoa.framework */ = {isa = PBXFileReference; lastKnownFileType = wrapper.framework; name = Cocoa.framework; path = /System/Library/Frameworks/Cocoa.framework; sourceTree = "<absolute>"; };
		E4C2424610CC5A17004149E2 /* IOKit.framework */ = {isa = PBXFileReference; lastKnownFileType = wrapper.framework; name = IOKit.framework; path = /System/Library/Frameworks/IOKit.framework; sourceTree = "<absolute>"; };
		E4EB691F138AFCF100A09F29 /* CoreOF.xcconfig */ = {isa = PBXFileReference; fileEncoding = 4; lastKnownFileType = text.xcconfig; name = CoreOF.xcconfig; path = ../../../libs/openFrameworksCompiled/project/osx/CoreOF.xcconfig; sourceTree = SOURCE_ROOT; };
		E4EB6923138AFD0F00A09F29 /* Project.xcconfig */ = {isa = PBXFileReference; fileEncoding = 4; lastKnownFileType = text.xcconfig; path = Project.xcconfig; sourceTree = "<group>"; };
/* End PBXFileReference section */

/* Begin PBXFrameworksBuildPhase section */
		E4B69B590A3A1756003C02F2 /* Frameworks */ = {
			isa = PBXFrameworksBuildPhase;
			buildActionMask = 2147483647;
			files = (
				E4EB6799138ADC1D00A09F29 /* GLUT.framework in Frameworks */,
				E4328149138ABC9F0047C5CB /* openFrameworksDebug.a in Frameworks */,
				E45BE97B0E8CC7DD009D7055 /* AGL.framework in Frameworks */,
				E45BE97C0E8CC7DD009D7055 /* ApplicationServices.framework in Frameworks */,
				E45BE97D0E8CC7DD009D7055 /* AudioToolbox.framework in Frameworks */,
				E45BE97E0E8CC7DD009D7055 /* Carbon.framework in Frameworks */,
				E45BE97F0E8CC7DD009D7055 /* CoreAudio.framework in Frameworks */,
				E45BE9800E8CC7DD009D7055 /* CoreFoundation.framework in Frameworks */,
				E45BE9810E8CC7DD009D7055 /* CoreServices.framework in Frameworks */,
				E45BE9830E8CC7DD009D7055 /* OpenGL.framework in Frameworks */,
				E45BE9840E8CC7DD009D7055 /* QuickTime.framework in Frameworks */,
				E4C2424710CC5A17004149E2 /* AppKit.framework in Frameworks */,
				E4C2424810CC5A17004149E2 /* Cocoa.framework in Frameworks */,
				E4C2424910CC5A17004149E2 /* IOKit.framework in Frameworks */,
			);
			runOnlyForDeploymentPostprocessing = 0;
		};
/* End PBXFrameworksBuildPhase section */

/* Begin PBXGroup section */
		60CCD37916A5D799002F0FA9 /* ofxZmq */ = {
			isa = PBXGroup;
			children = (
				60CCD37A16A5D7A0002F0FA9 /* libs */,
				60CCD40316A5D7A0002F0FA9 /* src */,
			);
			name = ofxZmq;
			sourceTree = "<group>";
		};
		60CCD37A16A5D7A0002F0FA9 /* libs */ = {
			isa = PBXGroup;
			children = (
				60CCD37B16A5D7A0002F0FA9 /* zmq */,
			);
			name = libs;
			path = ../libs;
			sourceTree = "<group>";
		};
		60CCD37B16A5D7A0002F0FA9 /* zmq */ = {
			isa = PBXGroup;
			children = (
				60CCD37C16A5D7A0002F0FA9 /* include */,
				60CCD38016A5D7A0002F0FA9 /* src */,
			);
			path = zmq;
			sourceTree = "<group>";
		};
		60CCD37C16A5D7A0002F0FA9 /* include */ = {
			isa = PBXGroup;
			children = (
				60CCD37D16A5D7A0002F0FA9 /* zmq.h */,
				60CCD37E16A5D7A0002F0FA9 /* zmq.hpp */,
				60CCD37F16A5D7A0002F0FA9 /* zmq_utils.h */,
			);
			path = include;
			sourceTree = "<group>";
		};
		60CCD38016A5D7A0002F0FA9 /* src */ = {
			isa = PBXGroup;
			children = (
				60CCD38116A5D7A0002F0FA9 /* address.cpp */,
				60CCD38216A5D7A0002F0FA9 /* address.hpp */,
				60CCD38316A5D7A0002F0FA9 /* array.hpp */,
				60CCD38416A5D7A0002F0FA9 /* atomic_counter.hpp */,
				60CCD38516A5D7A0002F0FA9 /* atomic_ptr.hpp */,
				60CCD38616A5D7A0002F0FA9 /* blob.hpp */,
				60CCD38716A5D7A0002F0FA9 /* clock.cpp */,
				60CCD38816A5D7A0002F0FA9 /* clock.hpp */,
				60CCD38916A5D7A0002F0FA9 /* command.hpp */,
				60CCD38A16A5D7A0002F0FA9 /* config.hpp */,
				60CCD38B16A5D7A0002F0FA9 /* ctx.cpp */,
				60CCD38C16A5D7A0002F0FA9 /* ctx.hpp */,
				60CCD38D16A5D7A0002F0FA9 /* dealer.cpp */,
				60CCD38E16A5D7A0002F0FA9 /* dealer.hpp */,
				60CCD38F16A5D7A0002F0FA9 /* decoder.cpp */,
				60CCD39016A5D7A0002F0FA9 /* decoder.hpp */,
				60CCD39116A5D7A0002F0FA9 /* device.cpp */,
				60CCD39216A5D7A0002F0FA9 /* device.hpp */,
				60CCD39316A5D7A0002F0FA9 /* devpoll.cpp */,
				60CCD39416A5D7A0002F0FA9 /* devpoll.hpp */,
				60CCD39516A5D7A0002F0FA9 /* dist.cpp */,
				60CCD39616A5D7A0002F0FA9 /* dist.hpp */,
				60CCD39716A5D7A0002F0FA9 /* encoder.cpp */,
				60CCD39816A5D7A0002F0FA9 /* encoder.hpp */,
				60CCD39916A5D7A0002F0FA9 /* epoll.cpp */,
				60CCD39A16A5D7A0002F0FA9 /* epoll.hpp */,
				60CCD39B16A5D7A0002F0FA9 /* err.cpp */,
				60CCD39C16A5D7A0002F0FA9 /* err.hpp */,
				60CCD39D16A5D7A0002F0FA9 /* fd.hpp */,
				60CCD39E16A5D7A0002F0FA9 /* fq.cpp */,
				60CCD39F16A5D7A0002F0FA9 /* fq.hpp */,
				60CCD3A016A5D7A0002F0FA9 /* i_engine.hpp */,
				60CCD3A116A5D7A0002F0FA9 /* i_poll_events.hpp */,
				60CCD3A216A5D7A0002F0FA9 /* io_object.cpp */,
				60CCD3A316A5D7A0002F0FA9 /* io_object.hpp */,
				60CCD3A416A5D7A0002F0FA9 /* io_thread.cpp */,
				60CCD3A516A5D7A0002F0FA9 /* io_thread.hpp */,
				60CCD3A616A5D7A0002F0FA9 /* ip.cpp */,
				60CCD3A716A5D7A0002F0FA9 /* ip.hpp */,
				60CCD3A816A5D7A0002F0FA9 /* ipc_address.cpp */,
				60CCD3A916A5D7A0002F0FA9 /* ipc_address.hpp */,
				60CCD3AA16A5D7A0002F0FA9 /* ipc_connecter.cpp */,
				60CCD3AB16A5D7A0002F0FA9 /* ipc_connecter.hpp */,
				60CCD3AC16A5D7A0002F0FA9 /* ipc_listener.cpp */,
				60CCD3AD16A5D7A0002F0FA9 /* ipc_listener.hpp */,
				60CCD3AE16A5D7A0002F0FA9 /* kqueue.cpp */,
				60CCD3AF16A5D7A0002F0FA9 /* kqueue.hpp */,
				60CCD3B016A5D7A0002F0FA9 /* lb.cpp */,
				60CCD3B116A5D7A0002F0FA9 /* lb.hpp */,
				60CCD3B216A5D7A0002F0FA9 /* likely.hpp */,
				60CCD3B316A5D7A0002F0FA9 /* mailbox.cpp */,
				60CCD3B416A5D7A0002F0FA9 /* mailbox.hpp */,
				60CCD3B516A5D7A0002F0FA9 /* msg.cpp */,
				60CCD3B616A5D7A0002F0FA9 /* msg.hpp */,
				60CCD3B716A5D7A0002F0FA9 /* mtrie.cpp */,
				60CCD3B816A5D7A0002F0FA9 /* mtrie.hpp */,
				60CCD3B916A5D7A0002F0FA9 /* mutex.hpp */,
				60CCD3BA16A5D7A0002F0FA9 /* object.cpp */,
				60CCD3BB16A5D7A0002F0FA9 /* object.hpp */,
				60CCD3BC16A5D7A0002F0FA9 /* options.cpp */,
				60CCD3BD16A5D7A0002F0FA9 /* options.hpp */,
				60CCD3BE16A5D7A0002F0FA9 /* own.cpp */,
				60CCD3BF16A5D7A0002F0FA9 /* own.hpp */,
				60CCD3C016A5D7A0002F0FA9 /* pair.cpp */,
				60CCD3C116A5D7A0002F0FA9 /* pair.hpp */,
				60CCD3C216A5D7A0002F0FA9 /* pgm_receiver.cpp */,
				60CCD3C316A5D7A0002F0FA9 /* pgm_receiver.hpp */,
				60CCD3C416A5D7A0002F0FA9 /* pgm_sender.cpp */,
				60CCD3C516A5D7A0002F0FA9 /* pgm_sender.hpp */,
				60CCD3C616A5D7A0002F0FA9 /* pgm_socket.cpp */,
				60CCD3C716A5D7A0002F0FA9 /* pgm_socket.hpp */,
				60CCD3C816A5D7A0002F0FA9 /* pipe.cpp */,
				60CCD3C916A5D7A0002F0FA9 /* pipe.hpp */,
				60CCD3CA16A5D7A0002F0FA9 /* platform.hpp */,
				60CCD3CB16A5D7A0002F0FA9 /* poll.cpp */,
				60CCD3CC16A5D7A0002F0FA9 /* poll.hpp */,
				60CCD3CD16A5D7A0002F0FA9 /* poller.hpp */,
				60CCD3CE16A5D7A0002F0FA9 /* poller_base.cpp */,
				60CCD3CF16A5D7A0002F0FA9 /* poller_base.hpp */,
				60CCD3D016A5D7A0002F0FA9 /* precompiled.cpp */,
				60CCD3D116A5D7A0002F0FA9 /* precompiled.hpp */,
				60CCD3D216A5D7A0002F0FA9 /* pub.cpp */,
				60CCD3D316A5D7A0002F0FA9 /* pub.hpp */,
				60CCD3D416A5D7A0002F0FA9 /* pull.cpp */,
				60CCD3D516A5D7A0002F0FA9 /* pull.hpp */,
				60CCD3D616A5D7A0002F0FA9 /* push.cpp */,
				60CCD3D716A5D7A0002F0FA9 /* push.hpp */,
				60CCD3D816A5D7A0002F0FA9 /* random.cpp */,
				60CCD3D916A5D7A0002F0FA9 /* random.hpp */,
				60CCD3DA16A5D7A0002F0FA9 /* reaper.cpp */,
				60CCD3DB16A5D7A0002F0FA9 /* reaper.hpp */,
				60CCD3DC16A5D7A0002F0FA9 /* rep.cpp */,
				60CCD3DD16A5D7A0002F0FA9 /* rep.hpp */,
				60CCD3DE16A5D7A0002F0FA9 /* req.cpp */,
				60CCD3DF16A5D7A0002F0FA9 /* req.hpp */,
				60CCD3E016A5D7A0002F0FA9 /* router.cpp */,
				60CCD3E116A5D7A0002F0FA9 /* router.hpp */,
				60CCD3E216A5D7A0002F0FA9 /* select.cpp */,
				60CCD3E316A5D7A0002F0FA9 /* select.hpp */,
				60CCD3E416A5D7A0002F0FA9 /* session_base.cpp */,
				60CCD3E516A5D7A0002F0FA9 /* session_base.hpp */,
				60CCD3E616A5D7A0002F0FA9 /* signaler.cpp */,
				60CCD3E716A5D7A0002F0FA9 /* signaler.hpp */,
				60CCD3E816A5D7A0002F0FA9 /* socket_base.cpp */,
				60CCD3E916A5D7A0002F0FA9 /* socket_base.hpp */,
				60CCD3EA16A5D7A0002F0FA9 /* stdint.hpp */,
				60CCD3EB16A5D7A0002F0FA9 /* stream_engine.cpp */,
				60CCD3EC16A5D7A0002F0FA9 /* stream_engine.hpp */,
				60CCD3ED16A5D7A0002F0FA9 /* sub.cpp */,
				60CCD3EE16A5D7A0002F0FA9 /* sub.hpp */,
				60CCD3EF16A5D7A0002F0FA9 /* tcp_address.cpp */,
				60CCD3F016A5D7A0002F0FA9 /* tcp_address.hpp */,
				60CCD3F116A5D7A0002F0FA9 /* tcp_connecter.cpp */,
				60CCD3F216A5D7A0002F0FA9 /* tcp_connecter.hpp */,
				60CCD3F316A5D7A0002F0FA9 /* tcp_listener.cpp */,
				60CCD3F416A5D7A0002F0FA9 /* tcp_listener.hpp */,
				60CCD3F516A5D7A0002F0FA9 /* thread.cpp */,
				60CCD3F616A5D7A0002F0FA9 /* thread.hpp */,
				60CCD3F716A5D7A0002F0FA9 /* trie.cpp */,
				60CCD3F816A5D7A0002F0FA9 /* trie.hpp */,
				60CCD3F916A5D7A0002F0FA9 /* windows.hpp */,
				60CCD3FA16A5D7A0002F0FA9 /* wire.hpp */,
				60CCD3FB16A5D7A0002F0FA9 /* xpub.cpp */,
				60CCD3FC16A5D7A0002F0FA9 /* xpub.hpp */,
				60CCD3FD16A5D7A0002F0FA9 /* xsub.cpp */,
				60CCD3FE16A5D7A0002F0FA9 /* xsub.hpp */,
				60CCD3FF16A5D7A0002F0FA9 /* ypipe.hpp */,
				60CCD40016A5D7A0002F0FA9 /* yqueue.hpp */,
				60CCD40116A5D7A0002F0FA9 /* zmq.cpp */,
				60CCD40216A5D7A0002F0FA9 /* zmq_utils.cpp */,
			);
			path = src;
			sourceTree = "<group>";
		};
		60CCD40316A5D7A0002F0FA9 /* src */ = {
			isa = PBXGroup;
			children = (
				60CCD40416A5D7A0002F0FA9 /* ofxZmq.cpp */,
				60CCD40516A5D7A0002F0FA9 /* ofxZmq.h */,
				60CCD40616A5D7A0002F0FA9 /* ofxZmqConfig.h */,
				60CCD40716A5D7A0002F0FA9 /* ofxZmqPair.cpp */,
				60CCD40816A5D7A0002F0FA9 /* ofxZmqPair.h */,
				60CCD40916A5D7A0002F0FA9 /* ofxZmqPublisher.cpp */,
				60CCD40A16A5D7A0002F0FA9 /* ofxZmqPublisher.h */,
				60CCD40B16A5D7A0002F0FA9 /* ofxZmqReply.cpp */,
				60CCD40C16A5D7A0002F0FA9 /* ofxZmqReply.h */,
				60CCD40D16A5D7A0002F0FA9 /* ofxZmqRequest.cpp */,
				60CCD40E16A5D7A0002F0FA9 /* ofxZmqRequest.h */,
				60CCD40F16A5D7A0002F0FA9 /* ofxZmqSocket.cpp */,
				60CCD41016A5D7A0002F0FA9 /* ofxZmqSocket.h */,
				60CCD41116A5D7A0002F0FA9 /* ofxZmqSubscriber.cpp */,
				60CCD41216A5D7A0002F0FA9 /* ofxZmqSubscriber.h */,
			);
			name = src;
			path = ../src;
			sourceTree = "<group>";
		};
		BB4B014C10F69532006C3DED /* addons */ = {
			isa = PBXGroup;
			children = (
				60CCD37916A5D799002F0FA9 /* ofxZmq */,
			);
			name = addons;
			sourceTree = "<group>";
		};
		BBAB23C913894ECA00AA2426 /* system frameworks */ = {
			isa = PBXGroup;
			children = (
				E4C2424410CC5A17004149E2 /* AppKit.framework */,
				E4C2424510CC5A17004149E2 /* Cocoa.framework */,
				E4C2424610CC5A17004149E2 /* IOKit.framework */,
				E45BE9710E8CC7DD009D7055 /* AGL.framework */,
				E45BE9720E8CC7DD009D7055 /* ApplicationServices.framework */,
				E45BE9730E8CC7DD009D7055 /* AudioToolbox.framework */,
				E45BE9740E8CC7DD009D7055 /* Carbon.framework */,
				E45BE9750E8CC7DD009D7055 /* CoreAudio.framework */,
				E45BE9760E8CC7DD009D7055 /* CoreFoundation.framework */,
				E45BE9770E8CC7DD009D7055 /* CoreServices.framework */,
				E45BE9790E8CC7DD009D7055 /* OpenGL.framework */,
				E45BE97A0E8CC7DD009D7055 /* QuickTime.framework */,
			);
			name = "system frameworks";
			sourceTree = "<group>";
		};
		BBAB23CA13894EDB00AA2426 /* 3rd party frameworks */ = {
			isa = PBXGroup;
			children = (
				BBAB23BE13894E4700AA2426 /* GLUT.framework */,
			);
			name = "3rd party frameworks";
			sourceTree = "<group>";
		};
		E4328144138ABC890047C5CB /* Products */ = {
			isa = PBXGroup;
			children = (
				E4328148138ABC890047C5CB /* openFrameworksDebug.a */,
			);
			name = Products;
			sourceTree = "<group>";
		};
		E45BE5980E8CC70C009D7055 /* frameworks */ = {
			isa = PBXGroup;
			children = (
				BBAB23CA13894EDB00AA2426 /* 3rd party frameworks */,
				BBAB23C913894ECA00AA2426 /* system frameworks */,
			);
			name = frameworks;
			sourceTree = "<group>";
		};
		E4B69B4A0A3A1720003C02F2 = {
			isa = PBXGroup;
			children = (
				E4B6FCAD0C3E899E008CF71C /* openFrameworks-Info.plist */,
				E4EB6923138AFD0F00A09F29 /* Project.xcconfig */,
				E4B69E1C0A3A1BDC003C02F2 /* src */,
				E4EEC9E9138DF44700A80321 /* openFrameworks */,
				BB4B014C10F69532006C3DED /* addons */,
				E45BE5980E8CC70C009D7055 /* frameworks */,
				E4B69B5B0A3A1756003C02F2 /* emptyExampleDebug.app */,
			);
			sourceTree = "<group>";
		};
		E4B69E1C0A3A1BDC003C02F2 /* src */ = {
			isa = PBXGroup;
			children = (
				E4B69E1D0A3A1BDC003C02F2 /* main.cpp */,
				E4B69E1E0A3A1BDC003C02F2 /* testApp.cpp */,
				E4B69E1F0A3A1BDC003C02F2 /* testApp.h */,
			);
			path = src;
			sourceTree = SOURCE_ROOT;
		};
		E4EEC9E9138DF44700A80321 /* openFrameworks */ = {
			isa = PBXGroup;
			children = (
				E4EB691F138AFCF100A09F29 /* CoreOF.xcconfig */,
				E4328143138ABC890047C5CB /* openFrameworksLib.xcodeproj */,
			);
			name = openFrameworks;
			sourceTree = "<group>";
		};
/* End PBXGroup section */

/* Begin PBXNativeTarget section */
		E4B69B5A0A3A1756003C02F2 /* emptyExample */ = {
			isa = PBXNativeTarget;
			buildConfigurationList = E4B69B5F0A3A1757003C02F2 /* Build configuration list for PBXNativeTarget "emptyExample" */;
			buildPhases = (
				E4B69B580A3A1756003C02F2 /* Sources */,
				E4B69B590A3A1756003C02F2 /* Frameworks */,
				E4B6FFFD0C3F9AB9008CF71C /* ShellScript */,
				E4C2427710CC5ABF004149E2 /* CopyFiles */,
			);
			buildRules = (
			);
			dependencies = (
				E4EEB9AC138B136A00A80321 /* PBXTargetDependency */,
			);
			name = emptyExample;
			productName = myOFApp;
			productReference = E4B69B5B0A3A1756003C02F2 /* emptyExampleDebug.app */;
			productType = "com.apple.product-type.application";
		};
/* End PBXNativeTarget section */

/* Begin PBXProject section */
		E4B69B4C0A3A1720003C02F2 /* Project object */ = {
			isa = PBXProject;
			buildConfigurationList = E4B69B4D0A3A1720003C02F2 /* Build configuration list for PBXProject "emptyExample" */;
			compatibilityVersion = "Xcode 2.4";
			developmentRegion = English;
			hasScannedForEncodings = 0;
			knownRegions = (
				English,
				Japanese,
				French,
				German,
			);
			mainGroup = E4B69B4A0A3A1720003C02F2;
			productRefGroup = E4B69B4A0A3A1720003C02F2;
			projectDirPath = "";
			projectReferences = (
				{
					ProductGroup = E4328144138ABC890047C5CB /* Products */;
					ProjectRef = E4328143138ABC890047C5CB /* openFrameworksLib.xcodeproj */;
				},
			);
			projectRoot = "";
			targets = (
				E4B69B5A0A3A1756003C02F2 /* emptyExample */,
			);
		};
/* End PBXProject section */

/* Begin PBXReferenceProxy section */
		E4328148138ABC890047C5CB /* openFrameworksDebug.a */ = {
			isa = PBXReferenceProxy;
			fileType = archive.ar;
			path = openFrameworksDebug.a;
			remoteRef = E4328147138ABC890047C5CB /* PBXContainerItemProxy */;
			sourceTree = BUILT_PRODUCTS_DIR;
		};
/* End PBXReferenceProxy section */

/* Begin PBXShellScriptBuildPhase section */
		E4B6FFFD0C3F9AB9008CF71C /* ShellScript */ = {
			isa = PBXShellScriptBuildPhase;
			buildActionMask = 2147483647;
			files = (
			);
			inputPaths = (
			);
			outputPaths = (
			);
			runOnlyForDeploymentPostprocessing = 0;
			shellPath = /bin/sh;
			shellScript = "cp -f ../../../libs/fmodex/lib/osx/libfmodex.dylib \"$TARGET_BUILD_DIR/$PRODUCT_NAME.app/Contents/MacOS/libfmodex.dylib\"; install_name_tool -change ./libfmodex.dylib @executable_path/libfmodex.dylib \"$TARGET_BUILD_DIR/$PRODUCT_NAME.app/Contents/MacOS/$PRODUCT_NAME\";";
		};
/* End PBXShellScriptBuildPhase section */

/* Begin PBXSourcesBuildPhase section */
		E4B69B580A3A1756003C02F2 /* Sources */ = {
			isa = PBXSourcesBuildPhase;
			buildActionMask = 2147483647;
			files = (
				E4B69E200A3A1BDC003C02F2 /* main.cpp in Sources */,
				E4B69E210A3A1BDC003C02F2 /* testApp.cpp in Sources */,
				60CCD41316A5D7A0002F0FA9 /* address.cpp in Sources */,
				60CCD41416A5D7A0002F0FA9 /* clock.cpp in Sources */,
				60CCD41516A5D7A0002F0FA9 /* ctx.cpp in Sources */,
				60CCD41616A5D7A0002F0FA9 /* dealer.cpp in Sources */,
				60CCD41716A5D7A0002F0FA9 /* decoder.cpp in Sources */,
				60CCD41816A5D7A0002F0FA9 /* device.cpp in Sources */,
				60CCD41916A5D7A0002F0FA9 /* devpoll.cpp in Sources */,
				60CCD41A16A5D7A0002F0FA9 /* dist.cpp in Sources */,
				60CCD41B16A5D7A0002F0FA9 /* encoder.cpp in Sources */,
				60CCD41C16A5D7A0002F0FA9 /* epoll.cpp in Sources */,
				60CCD41D16A5D7A0002F0FA9 /* err.cpp in Sources */,
				60CCD41E16A5D7A0002F0FA9 /* fq.cpp in Sources */,
				60CCD41F16A5D7A0002F0FA9 /* io_object.cpp in Sources */,
				60CCD42016A5D7A0002F0FA9 /* io_thread.cpp in Sources */,
				60CCD42116A5D7A0002F0FA9 /* ip.cpp in Sources */,
				60CCD42216A5D7A0002F0FA9 /* ipc_address.cpp in Sources */,
				60CCD42316A5D7A0002F0FA9 /* ipc_connecter.cpp in Sources */,
				60CCD42416A5D7A0002F0FA9 /* ipc_listener.cpp in Sources */,
				60CCD42516A5D7A0002F0FA9 /* kqueue.cpp in Sources */,
				60CCD42616A5D7A0002F0FA9 /* lb.cpp in Sources */,
				60CCD42716A5D7A0002F0FA9 /* mailbox.cpp in Sources */,
				60CCD42816A5D7A0002F0FA9 /* msg.cpp in Sources */,
				60CCD42916A5D7A0002F0FA9 /* mtrie.cpp in Sources */,
				60CCD42A16A5D7A0002F0FA9 /* object.cpp in Sources */,
				60CCD42B16A5D7A0002F0FA9 /* options.cpp in Sources */,
				60CCD42C16A5D7A0002F0FA9 /* own.cpp in Sources */,
				60CCD42D16A5D7A0002F0FA9 /* pair.cpp in Sources */,
				60CCD42E16A5D7A0002F0FA9 /* pgm_receiver.cpp in Sources */,
				60CCD42F16A5D7A0002F0FA9 /* pgm_sender.cpp in Sources */,
				60CCD43016A5D7A0002F0FA9 /* pgm_socket.cpp in Sources */,
				60CCD43116A5D7A0002F0FA9 /* pipe.cpp in Sources */,
				60CCD43216A5D7A0002F0FA9 /* poll.cpp in Sources */,
				60CCD43316A5D7A0002F0FA9 /* poller_base.cpp in Sources */,
				60CCD43416A5D7A0002F0FA9 /* precompiled.cpp in Sources */,
				60CCD43516A5D7A0002F0FA9 /* pub.cpp in Sources */,
				60CCD43616A5D7A0002F0FA9 /* pull.cpp in Sources */,
				60CCD43716A5D7A0002F0FA9 /* push.cpp in Sources */,
				60CCD43816A5D7A0002F0FA9 /* random.cpp in Sources */,
				60CCD43916A5D7A0002F0FA9 /* reaper.cpp in Sources */,
				60CCD43A16A5D7A0002F0FA9 /* rep.cpp in Sources */,
				60CCD43B16A5D7A0002F0FA9 /* req.cpp in Sources */,
				60CCD43C16A5D7A0002F0FA9 /* router.cpp in Sources */,
				60CCD43D16A5D7A0002F0FA9 /* select.cpp in Sources */,
				60CCD43E16A5D7A0002F0FA9 /* session_base.cpp in Sources */,
				60CCD43F16A5D7A0002F0FA9 /* signaler.cpp in Sources */,
				60CCD44016A5D7A0002F0FA9 /* socket_base.cpp in Sources */,
				60CCD44116A5D7A0002F0FA9 /* stream_engine.cpp in Sources */,
				60CCD44216A5D7A0002F0FA9 /* sub.cpp in Sources */,
				60CCD44316A5D7A0002F0FA9 /* tcp_address.cpp in Sources */,
				60CCD44416A5D7A0002F0FA9 /* tcp_connecter.cpp in Sources */,
				60CCD44516A5D7A0002F0FA9 /* tcp_listener.cpp in Sources */,
				60CCD44616A5D7A0002F0FA9 /* thread.cpp in Sources */,
				60CCD44716A5D7A0002F0FA9 /* trie.cpp in Sources */,
				60CCD44816A5D7A0002F0FA9 /* xpub.cpp in Sources */,
				60CCD44916A5D7A0002F0FA9 /* xsub.cpp in Sources */,
				60CCD44A16A5D7A0002F0FA9 /* zmq.cpp in Sources */,
				60CCD44B16A5D7A0002F0FA9 /* zmq_utils.cpp in Sources */,
				60CCD44C16A5D7A0002F0FA9 /* ofxZmq.cpp in Sources */,
				60CCD44D16A5D7A0002F0FA9 /* ofxZmqPair.cpp in Sources */,
				60CCD44E16A5D7A0002F0FA9 /* ofxZmqPublisher.cpp in Sources */,
				60CCD44F16A5D7A0002F0FA9 /* ofxZmqReply.cpp in Sources */,
				60CCD45016A5D7A0002F0FA9 /* ofxZmqRequest.cpp in Sources */,
				60CCD45116A5D7A0002F0FA9 /* ofxZmqSocket.cpp in Sources */,
				60CCD45216A5D7A0002F0FA9 /* ofxZmqSubscriber.cpp in Sources */,
			);
			runOnlyForDeploymentPostprocessing = 0;
		};
/* End PBXSourcesBuildPhase section */

/* Begin PBXTargetDependency section */
		E4EEB9AC138B136A00A80321 /* PBXTargetDependency */ = {
			isa = PBXTargetDependency;
			name = openFrameworks;
			targetProxy = E4EEB9AB138B136A00A80321 /* PBXContainerItemProxy */;
		};
/* End PBXTargetDependency section */

/* Begin XCBuildConfiguration section */
		E4B69B4E0A3A1720003C02F2 /* Debug */ = {
			isa = XCBuildConfiguration;
			baseConfigurationReference = E4EB6923138AFD0F00A09F29 /* Project.xcconfig */;
			buildSettings = {
				ARCHS = "$(NATIVE_ARCH)";
				CONFIGURATION_BUILD_DIR = "$(SRCROOT)/bin/";
				COPY_PHASE_STRIP = NO;
				DEAD_CODE_STRIPPING = YES;
				GCC_AUTO_VECTORIZATION = YES;
				GCC_ENABLE_SSE3_EXTENSIONS = YES;
				GCC_ENABLE_SUPPLEMENTAL_SSE3_INSTRUCTIONS = YES;
				GCC_INLINES_ARE_PRIVATE_EXTERN = NO;
				GCC_OPTIMIZATION_LEVEL = 0;
				GCC_SYMBOLS_PRIVATE_EXTERN = NO;
				GCC_WARN_ABOUT_DEPRECATED_FUNCTIONS = NO;
				GCC_WARN_ABOUT_INVALID_OFFSETOF_MACRO = NO;
				GCC_WARN_ALLOW_INCOMPLETE_PROTOCOL = NO;
				GCC_WARN_UNINITIALIZED_AUTOS = NO;
				GCC_WARN_UNUSED_VALUE = NO;
				GCC_WARN_UNUSED_VARIABLE = NO;
				OTHER_CPLUSPLUSFLAGS = (
					"-D__MACOSX_CORE__",
					"-lpthread",
					"-mtune=native",
				);
			};
			name = Debug;
		};
		E4B69B4F0A3A1720003C02F2 /* Release */ = {
			isa = XCBuildConfiguration;
			baseConfigurationReference = E4EB6923138AFD0F00A09F29 /* Project.xcconfig */;
			buildSettings = {
				ARCHS = "$(NATIVE_ARCH)";
				CONFIGURATION_BUILD_DIR = "$(SRCROOT)/bin/";
				COPY_PHASE_STRIP = YES;
				DEAD_CODE_STRIPPING = YES;
				GCC_AUTO_VECTORIZATION = YES;
				GCC_ENABLE_SSE3_EXTENSIONS = YES;
				GCC_ENABLE_SUPPLEMENTAL_SSE3_INSTRUCTIONS = YES;
				GCC_INLINES_ARE_PRIVATE_EXTERN = NO;
				GCC_OPTIMIZATION_LEVEL = 3;
				GCC_SYMBOLS_PRIVATE_EXTERN = NO;
				GCC_UNROLL_LOOPS = YES;
				GCC_WARN_ABOUT_DEPRECATED_FUNCTIONS = NO;
				GCC_WARN_ABOUT_INVALID_OFFSETOF_MACRO = NO;
				GCC_WARN_ALLOW_INCOMPLETE_PROTOCOL = NO;
				GCC_WARN_UNINITIALIZED_AUTOS = NO;
				GCC_WARN_UNUSED_VALUE = NO;
				GCC_WARN_UNUSED_VARIABLE = NO;
				OTHER_CPLUSPLUSFLAGS = (
					"-D__MACOSX_CORE__",
					"-lpthread",
					"-mtune=native",
				);
			};
			name = Release;
		};
		E4B69B600A3A1757003C02F2 /* Debug */ = {
			isa = XCBuildConfiguration;
			buildSettings = {
				COPY_PHASE_STRIP = NO;
				FRAMEWORK_SEARCH_PATHS = (
					"$(inherited)",
					"$(FRAMEWORK_SEARCH_PATHS_QUOTED_FOR_TARGET_1)",
				);
				FRAMEWORK_SEARCH_PATHS_QUOTED_FOR_TARGET_1 = "\"$(SRCROOT)/../../../libs/glut/lib/osx\"";
				GCC_DYNAMIC_NO_PIC = NO;
				GCC_ENABLE_FIX_AND_CONTINUE = YES;
				GCC_GENERATE_DEBUGGING_SYMBOLS = YES;
				GCC_MODEL_TUNING = NONE;
				GCC_PRECOMPILE_PREFIX_HEADER = YES;
				GCC_PREFIX_HEADER = "$(SYSTEM_LIBRARY_DIR)/Frameworks/Carbon.framework/Headers/Carbon.h";
				INFOPLIST_FILE = "openFrameworks-Info.plist";
				INSTALL_PATH = "$(HOME)/Applications";
				LIBRARY_SEARCH_PATHS = (
					"$(inherited)",
					"$(LIBRARY_SEARCH_PATHS_QUOTED_FOR_TARGET_1)",
					"$(LIBRARY_SEARCH_PATHS_QUOTED_FOR_TARGET_2)",
					"$(LIBRARY_SEARCH_PATHS_QUOTED_FOR_TARGET_3)",
					"$(LIBRARY_SEARCH_PATHS_QUOTED_FOR_TARGET_4)",
					"$(LIBRARY_SEARCH_PATHS_QUOTED_FOR_TARGET_5)",
					"$(LIBRARY_SEARCH_PATHS_QUOTED_FOR_TARGET_6)",
					"$(LIBRARY_SEARCH_PATHS_QUOTED_FOR_TARGET_7)",
					"$(LIBRARY_SEARCH_PATHS_QUOTED_FOR_TARGET_8)",
					"$(LIBRARY_SEARCH_PATHS_QUOTED_FOR_TARGET_9)",
					"$(LIBRARY_SEARCH_PATHS_QUOTED_FOR_TARGET_10)",
					"$(LIBRARY_SEARCH_PATHS_QUOTED_FOR_TARGET_11)",
					"$(LIBRARY_SEARCH_PATHS_QUOTED_FOR_TARGET_12)",
					"$(LIBRARY_SEARCH_PATHS_QUOTED_FOR_TARGET_13)",
					"$(LIBRARY_SEARCH_PATHS_QUOTED_FOR_TARGET_14)",
					"$(LIBRARY_SEARCH_PATHS_QUOTED_FOR_TARGET_15)",
					"$(LIBRARY_SEARCH_PATHS_QUOTED_FOR_TARGET_2)",
					"$(LIBRARY_SEARCH_PATHS_QUOTED_FOR_TARGET_3)",
					"$(LIBRARY_SEARCH_PATHS_QUOTED_FOR_TARGET_7)",
					"$(LIBRARY_SEARCH_PATHS_QUOTED_FOR_TARGET_8)",
					"$(LIBRARY_SEARCH_PATHS_QUOTED_FOR_TARGET_9)",
					"$(LIBRARY_SEARCH_PATHS_QUOTED_FOR_TARGET_10)",
					"$(LIBRARY_SEARCH_PATHS_QUOTED_FOR_TARGET_11)",
					"$(LIBRARY_SEARCH_PATHS_QUOTED_FOR_TARGET_12)",
					"$(LIBRARY_SEARCH_PATHS_QUOTED_FOR_TARGET_13)",
					"$(LIBRARY_SEARCH_PATHS_QUOTED_FOR_TARGET_16)",
					"$(LIBRARY_SEARCH_PATHS_QUOTED_FOR_TARGET_17)",
					"$(LIBRARY_SEARCH_PATHS_QUOTED_FOR_TARGET_18)",
					"$(LIBRARY_SEARCH_PATHS_QUOTED_FOR_TARGET_19)",
					"$(LIBRARY_SEARCH_PATHS_QUOTED_FOR_TARGET_20)",
					"$(LIBRARY_SEARCH_PATHS_QUOTED_FOR_TARGET_21)",
					"$(LIBRARY_SEARCH_PATHS_QUOTED_FOR_TARGET_22)",
					"$(LIBRARY_SEARCH_PATHS_QUOTED_FOR_TARGET_23)",
					"$(LIBRARY_SEARCH_PATHS_QUOTED_FOR_TARGET_24)",
					"$(LIBRARY_SEARCH_PATHS_QUOTED_FOR_TARGET_25)",
					"$(LIBRARY_SEARCH_PATHS_QUOTED_FOR_TARGET_26)",
					"$(LIBRARY_SEARCH_PATHS_QUOTED_FOR_TARGET_27)",
					"$(LIBRARY_SEARCH_PATHS_QUOTED_FOR_TARGET_28)",
					"$(LIBRARY_SEARCH_PATHS_QUOTED_FOR_TARGET_29)",
					"$(LIBRARY_SEARCH_PATHS_QUOTED_FOR_TARGET_30)",
					"$(LIBRARY_SEARCH_PATHS_QUOTED_FOR_TARGET_31)",
					"$(LIBRARY_SEARCH_PATHS_QUOTED_FOR_TARGET_32)",
					"$(LIBRARY_SEARCH_PATHS_QUOTED_FOR_TARGET_33)",
					"$(LIBRARY_SEARCH_PATHS_QUOTED_FOR_TARGET_34)",
					"$(LIBRARY_SEARCH_PATHS_QUOTED_FOR_TARGET_35)",
					"$(LIBRARY_SEARCH_PATHS_QUOTED_FOR_TARGET_36)",
					"$(LIBRARY_SEARCH_PATHS_QUOTED_FOR_TARGET_37)",
					"$(LIBRARY_SEARCH_PATHS_QUOTED_FOR_TARGET_38)",
					"$(LIBRARY_SEARCH_PATHS_QUOTED_FOR_TARGET_39)",
					"$(LIBRARY_SEARCH_PATHS_QUOTED_FOR_TARGET_40)",
					"$(LIBRARY_SEARCH_PATHS_QUOTED_FOR_TARGET_41)",
					"$(LIBRARY_SEARCH_PATHS_QUOTED_FOR_TARGET_42)",
					"$(LIBRARY_SEARCH_PATHS_QUOTED_FOR_TARGET_43)",
					"$(LIBRARY_SEARCH_PATHS_QUOTED_FOR_TARGET_44)",
					"$(LIBRARY_SEARCH_PATHS_QUOTED_FOR_TARGET_45)",
					"$(LIBRARY_SEARCH_PATHS_QUOTED_FOR_TARGET_46)",
					"$(LIBRARY_SEARCH_PATHS_QUOTED_FOR_TARGET_47)",
					"$(LIBRARY_SEARCH_PATHS_QUOTED_FOR_TARGET_48)",
					"$(LIBRARY_SEARCH_PATHS_QUOTED_FOR_TARGET_49)",
					"$(LIBRARY_SEARCH_PATHS_QUOTED_FOR_TARGET_50)",
					"$(LIBRARY_SEARCH_PATHS_QUOTED_FOR_TARGET_51)",
					"$(LIBRARY_SEARCH_PATHS_QUOTED_FOR_TARGET_52)",
				);
				PREBINDING = NO;
				PRODUCT_NAME = "$(TARGET_NAME)Debug";
				WRAPPER_EXTENSION = app;
			};
			name = Debug;
		};
		E4B69B610A3A1757003C02F2 /* Release */ = {
			isa = XCBuildConfiguration;
			buildSettings = {
				COPY_PHASE_STRIP = YES;
				FRAMEWORK_SEARCH_PATHS = (
					"$(inherited)",
					"$(FRAMEWORK_SEARCH_PATHS_QUOTED_FOR_TARGET_1)",
				);
				FRAMEWORK_SEARCH_PATHS_QUOTED_FOR_TARGET_1 = "\"$(SRCROOT)/../../../libs/glut/lib/osx\"";
				GCC_ENABLE_FIX_AND_CONTINUE = NO;
				GCC_GENERATE_DEBUGGING_SYMBOLS = YES;
				GCC_MODEL_TUNING = NONE;
				GCC_PRECOMPILE_PREFIX_HEADER = YES;
				GCC_PREFIX_HEADER = "$(SYSTEM_LIBRARY_DIR)/Frameworks/Carbon.framework/Headers/Carbon.h";
				INFOPLIST_FILE = "openFrameworks-Info.plist";
				INSTALL_PATH = "$(HOME)/Applications";
				LIBRARY_SEARCH_PATHS = (
					"$(inherited)",
					"$(LIBRARY_SEARCH_PATHS_QUOTED_FOR_TARGET_1)",
					"$(LIBRARY_SEARCH_PATHS_QUOTED_FOR_TARGET_2)",
					"$(LIBRARY_SEARCH_PATHS_QUOTED_FOR_TARGET_3)",
					"$(LIBRARY_SEARCH_PATHS_QUOTED_FOR_TARGET_4)",
					"$(LIBRARY_SEARCH_PATHS_QUOTED_FOR_TARGET_5)",
					"$(LIBRARY_SEARCH_PATHS_QUOTED_FOR_TARGET_6)",
					"$(LIBRARY_SEARCH_PATHS_QUOTED_FOR_TARGET_7)",
					"$(LIBRARY_SEARCH_PATHS_QUOTED_FOR_TARGET_8)",
					"$(LIBRARY_SEARCH_PATHS_QUOTED_FOR_TARGET_9)",
					"$(LIBRARY_SEARCH_PATHS_QUOTED_FOR_TARGET_10)",
					"$(LIBRARY_SEARCH_PATHS_QUOTED_FOR_TARGET_11)",
					"$(LIBRARY_SEARCH_PATHS_QUOTED_FOR_TARGET_12)",
					"$(LIBRARY_SEARCH_PATHS_QUOTED_FOR_TARGET_13)",
					"$(LIBRARY_SEARCH_PATHS_QUOTED_FOR_TARGET_14)",
					"$(LIBRARY_SEARCH_PATHS_QUOTED_FOR_TARGET_15)",
					"$(LIBRARY_SEARCH_PATHS_QUOTED_FOR_TARGET_2)",
					"$(LIBRARY_SEARCH_PATHS_QUOTED_1)",
					"$(LIBRARY_SEARCH_PATHS_QUOTED_FOR_TARGET_3)",
					"$(LIBRARY_SEARCH_PATHS_QUOTED_FOR_TARGET_7)",
					"$(LIBRARY_SEARCH_PATHS_QUOTED_FOR_TARGET_8)",
					"$(LIBRARY_SEARCH_PATHS_QUOTED_FOR_TARGET_9)",
					"$(LIBRARY_SEARCH_PATHS_QUOTED_FOR_TARGET_10)",
					"$(LIBRARY_SEARCH_PATHS_QUOTED_FOR_TARGET_11)",
					"$(LIBRARY_SEARCH_PATHS_QUOTED_FOR_TARGET_12)",
					"$(LIBRARY_SEARCH_PATHS_QUOTED_FOR_TARGET_13)",
					"$(LIBRARY_SEARCH_PATHS_QUOTED_FOR_TARGET_16)",
					"$(LIBRARY_SEARCH_PATHS_QUOTED_FOR_TARGET_17)",
					"$(LIBRARY_SEARCH_PATHS_QUOTED_FOR_TARGET_18)",
					"$(LIBRARY_SEARCH_PATHS_QUOTED_FOR_TARGET_19)",
					"$(LIBRARY_SEARCH_PATHS_QUOTED_FOR_TARGET_20)",
					"$(LIBRARY_SEARCH_PATHS_QUOTED_FOR_TARGET_21)",
					"$(LIBRARY_SEARCH_PATHS_QUOTED_FOR_TARGET_22)",
					"$(LIBRARY_SEARCH_PATHS_QUOTED_FOR_TARGET_23)",
					"$(LIBRARY_SEARCH_PATHS_QUOTED_FOR_TARGET_24)",
					"$(LIBRARY_SEARCH_PATHS_QUOTED_FOR_TARGET_25)",
					"$(LIBRARY_SEARCH_PATHS_QUOTED_FOR_TARGET_26)",
					"$(LIBRARY_SEARCH_PATHS_QUOTED_FOR_TARGET_27)",
					"$(LIBRARY_SEARCH_PATHS_QUOTED_FOR_TARGET_28)",
					"$(LIBRARY_SEARCH_PATHS_QUOTED_FOR_TARGET_29)",
					"$(LIBRARY_SEARCH_PATHS_QUOTED_FOR_TARGET_30)",
					"$(LIBRARY_SEARCH_PATHS_QUOTED_FOR_TARGET_31)",
					"$(LIBRARY_SEARCH_PATHS_QUOTED_FOR_TARGET_32)",
					"$(LIBRARY_SEARCH_PATHS_QUOTED_FOR_TARGET_33)",
					"$(LIBRARY_SEARCH_PATHS_QUOTED_FOR_TARGET_34)",
					"$(LIBRARY_SEARCH_PATHS_QUOTED_FOR_TARGET_35)",
					"$(LIBRARY_SEARCH_PATHS_QUOTED_FOR_TARGET_36)",
					"$(LIBRARY_SEARCH_PATHS_QUOTED_FOR_TARGET_37)",
					"$(LIBRARY_SEARCH_PATHS_QUOTED_FOR_TARGET_38)",
					"$(LIBRARY_SEARCH_PATHS_QUOTED_FOR_TARGET_39)",
					"$(LIBRARY_SEARCH_PATHS_QUOTED_FOR_TARGET_40)",
					"$(LIBRARY_SEARCH_PATHS_QUOTED_FOR_TARGET_41)",
					"$(LIBRARY_SEARCH_PATHS_QUOTED_FOR_TARGET_42)",
					"$(LIBRARY_SEARCH_PATHS_QUOTED_FOR_TARGET_43)",
					"$(LIBRARY_SEARCH_PATHS_QUOTED_FOR_TARGET_44)",
					"$(LIBRARY_SEARCH_PATHS_QUOTED_FOR_TARGET_45)",
					"$(LIBRARY_SEARCH_PATHS_QUOTED_FOR_TARGET_46)",
					"$(LIBRARY_SEARCH_PATHS_QUOTED_FOR_TARGET_47)",
					"$(LIBRARY_SEARCH_PATHS_QUOTED_FOR_TARGET_48)",
					"$(LIBRARY_SEARCH_PATHS_QUOTED_FOR_TARGET_49)",
					"$(LIBRARY_SEARCH_PATHS_QUOTED_FOR_TARGET_50)",
					"$(LIBRARY_SEARCH_PATHS_QUOTED_FOR_TARGET_51)",
				);
				PREBINDING = NO;
				PRODUCT_NAME = "$(TARGET_NAME)";
				WRAPPER_EXTENSION = app;
			};
			name = Release;
		};
/* End XCBuildConfiguration section */

/* Begin XCConfigurationList section */
		E4B69B4D0A3A1720003C02F2 /* Build configuration list for PBXProject "emptyExample" */ = {
			isa = XCConfigurationList;
			buildConfigurations = (
				E4B69B4E0A3A1720003C02F2 /* Debug */,
				E4B69B4F0A3A1720003C02F2 /* Release */,
			);
			defaultConfigurationIsVisible = 0;
			defaultConfigurationName = Release;
		};
		E4B69B5F0A3A1757003C02F2 /* Build configuration list for PBXNativeTarget "emptyExample" */ = {
			isa = XCConfigurationList;
			buildConfigurations = (
				E4B69B600A3A1757003C02F2 /* Debug */,
				E4B69B610A3A1757003C02F2 /* Release */,
			);
			defaultConfigurationIsVisible = 0;
			defaultConfigurationName = Release;
		};
/* End XCConfigurationList section */
	};
	rootObject = E4B69B4C0A3A1720003C02F2 /* Project object */;
}
